<?xml version="1.0" encoding="utf-8"?>
<Project ToolsVersion="4.0" xmlns="http://schemas.microsoft.com/developer/msbuild/2003">
  <ItemGroup>
    <Filter Include="Header Files">
      <UniqueIdentifier>{169df3b8-f289-4b53-9836-1c310f57ff62}</UniqueIdentifier>
    </Filter>
    <Filter Include="Source Files">
      <UniqueIdentifier>{1443234d-6180-439a-8e59-d8c66f02216c}</UniqueIdentifier>
    </Filter>
    <Filter Include="Generated Files">
      <UniqueIdentifier>{e9f324e1-c689-473b-afce-3ea2b5d238b5}</UniqueIdentifier>
    </Filter>
    <Filter Include="Generated Files\Header Files">
      <UniqueIdentifier>{9bba3644-919d-43f7-aeda-fcf573e0e16c}</UniqueIdentifier>
    </Filter>
    <Filter Include="Generated Files\Source Files">
      <UniqueIdentifier>{731dd94f-2b7a-436d-ab33-11048d5408b4}</UniqueIdentifier>
    </Filter>
  </ItemGroup>
  <ItemGroup>
    <ClInclude Include="include\Pizzeria\DeliveryAddress.h">
      <Filter>Header Files</Filter>
    </ClInclude>
    <ClInclude Include="include\Pizzeria\Pizza.h">
      <Filter>Header Files</Filter>
    </ClInclude>
    <ClInclude Include="include\Pizzeria\PizzaDeliveryService.h">
      <Filter>Header Files</Filter>
    </ClInclude>
    <ClInclude Include="include\Pizzeria\PizzaPickupService.h">
      <Filter>Header Files</Filter>
    </ClInclude>
    <ClInclude Include="include\Pizzeria\Topping.h">
      <Filter>Header Files</Filter>
    </ClInclude>
    <ClInclude Include="include\Pizzeria\DeliveryAddressDeserializer.h">
      <Filter>Generated Files\Header Files</Filter>
    </ClInclude>
    <ClInclude Include="include\Pizzeria\DeliveryAddressDetailsDeserializer.h">
      <Filter>Generated Files\Header Files</Filter>
    </ClInclude>
    <ClInclude Include="include\Pizzeria\DeliveryAddressDetailsSerializer.h">
      <Filter>Generated Files\Header Files</Filter>
    </ClInclude>
    <ClInclude Include="include\Pizzeria\DeliveryAddressSerializer.h">
      <Filter>Generated Files\Header Files</Filter>
    </ClInclude>
    <ClInclude Include="include\Pizzeria\ExtToppingDeserializer.h">
      <Filter>Generated Files\Header Files</Filter>
    </ClInclude>
    <ClInclude Include="include\Pizzeria\ExtToppingSerializer.h">
      <Filter>Generated Files\Header Files</Filter>
    </ClInclude>
    <ClInclude Include="include\Pizzeria\IPizzaDeliveryService.h">
      <Filter>Generated Files\Header Files</Filter>
    </ClInclude>
    <ClInclude Include="include\Pizzeria\IPizzaPickupService.h">
      <Filter>Generated Files\Header Files</Filter>
    </ClInclude>
    <ClInclude Include="include\Pizzeria\PizzaDeliveryServiceRemoteObject.h">
      <Filter>Generated Files\Header Files</Filter>
    </ClInclude>
    <ClInclude Include="include\Pizzeria\PizzaDeliveryServiceServerHelper.h">
      <Filter>Generated Files\Header Files</Filter>
    </ClInclude>
    <ClInclude Include="include\Pizzeria\PizzaDeliveryServiceSkeleton.h">
      <Filter>Generated Files\Header Files</Filter>
    </ClInclude>
    <ClInclude Include="include\Pizzeria\PizzaDeserializer.h">
      <Filter>Generated Files\Header Files</Filter>
    </ClInclude>
    <ClInclude Include="include\Pizzeria\PizzaDetailsDeserializer.h">
      <Filter>Generated Files\Header Files</Filter>
    </ClInclude>
    <ClInclude Include="include\Pizzeria\PizzaDetailsSerializer.h">
      <Filter>Generated Files\Header Files</Filter>
    </ClInclude>
    <ClInclude Include="include\Pizzeria\PizzaPickupServiceRemoteObject.h">
      <Filter>Generated Files\Header Files</Filter>
    </ClInclude>
    <ClInclude Include="include\Pizzeria\PizzaPickupServiceServerHelper.h">
      <Filter>Generated Files\Header Files</Filter>
    </ClInclude>
    <ClInclude Include="include\Pizzeria\PizzaPickupServiceSkeleton.h">
      <Filter>Generated Files\Header Files</Filter>
    </ClInclude>
    <ClInclude Include="include\Pizzeria\PizzaSerializer.h">
      <Filter>Generated Files\Header Files</Filter>
    </ClInclude>
    <ClInclude Include="include\Pizzeria\ToppingDeserializer.h">
      <Filter>Generated Files\Header Files</Filter>
    </ClInclude>
    <ClInclude Include="include\Pizzeria\ToppingSerializer.h">
      <Filter>Generated Files\Header Files</Filter>
    </ClInclude>
  </ItemGroup>
  <ItemGroup>
    <ClCompile Include="src\DeliveryAddress.cpp">
      <Filter>Source Files</Filter>
    </ClCompile>
    <ClCompile Include="src\Pizza.cpp">
      <Filter>Source Files</Filter>
    </ClCompile>
    <ClCompile Include="src\PizzaDeliveryService.cpp">
      <Filter>Source Files</Filter>
    </ClCompile>
    <ClCompile Include="src\PizzaPickupService.cpp">
      <Filter>Source Files</Filter>
    </ClCompile>
    <ClCompile Include="src\PizzeriaServer.cpp">
      <Filter>Source Files</Filter>
    </ClCompile>
    <ClCompile Include="src\Topping.cpp">
      <Filter>Source Files</Filter>
    </ClCompile>
    <ClCompile Include="src\IPizzaDeliveryService.cpp">
      <Filter>Generated Files\Source Files</Filter>
    </ClCompile>
    <ClCompile Include="src\IPizzaPickupService.cpp">
      <Filter>Generated Files\Source Files</Filter>
    </ClCompile>
    <ClCompile Include="src\PizzaDeliveryServiceRemoteObject.cpp">
      <Filter>Generated Files\Source Files</Filter>
    </ClCompile>
    <ClCompile Include="src\PizzaDeliveryServiceServerHelper.cpp">
      <Filter>Generated Files\Source Files</Filter>
    </ClCompile>
    <ClCompile Include="src\PizzaDeliveryServiceSkeleton.cpp">
      <Filter>Generated Files\Source Files</Filter>
    </ClCompile>
    <ClCompile Include="src\PizzaPickupServiceRemoteObject.cpp">
      <Filter>Generated Files\Source Files</Filter>
    </ClCompile>
    <ClCompile Include="src\PizzaPickupServiceServerHelper.cpp">
      <Filter>Generated Files\Source Files</Filter>
    </ClCompile>
    <ClCompile Include="src\PizzaPickupServiceSkeleton.cpp">
      <Filter>Generated Files\Source Files</Filter>
    </ClCompile>
  </ItemGroup>
  <ItemGroup>
    <Xml Include="RemoteGen.xml" />
  </ItemGroup>
</Project>