Microsoft Visual Studio Solution File, Format Version 9.00
# Visual Studio 2005
Project("{8BC9CEB8-8B4A-11D0-8D11-00A0C91BC942}") = "zlib", "zlib.vcproj", "{40578497-324E-4267-90E8-F575E0FDBB37}"
EndProject
Global
	GlobalSection(SolutionConfigurationPlatforms) = preSolution
		debug_Completion|Win32 = debug_Completion|Win32
		Debug_IOCPServer|Win32 = Debug_IOCPServer|Win32
		Debug|Win32 = Debug|Win32
		release_Completion|Win32 = release_Completion|Win32
		Release_IOCPServer|Win32 = Release_IOCPServer|Win32
		Release|Win32 = Release|Win32
		sun_Send_debug|Win32 = sun_Send_debug|Win32
		sun_send_release|Win32 = sun_send_release|Win32
		东航专用|Win32 = 东航专用|Win32
		东航专用-release|Win32 = 东航专用-release|Win32
	EndGlobalSection
	GlobalSection(ProjectConfigurationPlatforms) = postSolution
		{40578497-324E-4267-90E8-F575E0FDBB37}.debug_Completion|Win32.ActiveCfg = debug_Completion|Win32
		{40578497-324E-4267-90E8-F575E0FDBB37}.debug_Completion|Win32.Build.0 = debug_Completion|Win32
		{40578497-324E-4267-90E8-F575E0FDBB37}.Debug_IOCPServer|Win32.ActiveCfg = Debug_IOCPServer|Win32
		{40578497-324E-4267-90E8-F575E0FDBB37}.Debug_IOCPServer|Win32.Build.0 = Debug_IOCPServer|Win32
		{40578497-324E-4267-90E8-F575E0FDBB37}.Debug|Win32.ActiveCfg = Debug|Win32
		{40578497-324E-4267-90E8-F575E0FDBB37}.Debug|Win32.Build.0 = Debug|Win32
		{40578497-324E-4267-90E8-F575E0FDBB37}.release_Completion|Win32.ActiveCfg = release_Completion|Win32
		{40578497-324E-4267-90E8-F575E0FDBB37}.release_Completion|Win32.Build.0 = release_Completion|Win32
		{40578497-324E-4267-90E8-F575E0FDBB37}.Release_IOCPServer|Win32.ActiveCfg = Release_IOCPServer|Win32
		{40578497-324E-4267-90E8-F575E0FDBB37}.Release_IOCPServer|Win32.Build.0 = Release_IOCPServer|Win32
		{40578497-324E-4267-90E8-F575E0FDBB37}.Release|Win32.ActiveCfg = Release|Win32
		{40578497-324E-4267-90E8-F575E0FDBB37}.Release|Win32.Build.0 = Release|Win32
		{40578497-324E-4267-90E8-F575E0FDBB37}.sun_Send_debug|Win32.ActiveCfg = sun_Send_debug|Win32
		{40578497-324E-4267-90E8-F575E0FDBB37}.sun_Send_debug|Win32.Build.0 = sun_Send_debug|Win32
		{40578497-324E-4267-90E8-F575E0FDBB37}.sun_send_release|Win32.ActiveCfg = sun_send_release|Win32
		{40578497-324E-4267-90E8-F575E0FDBB37}.sun_send_release|Win32.Build.0 = sun_send_release|Win32
		{40578497-324E-4267-90E8-F575E0FDBB37}.东航专用|Win32.ActiveCfg = 东航专用|Win32
		{40578497-324E-4267-90E8-F575E0FDBB37}.东航专用|Win32.Build.0 = 东航专用|Win32
		{40578497-324E-4267-90E8-F575E0FDBB37}.东航专用-release|Win32.ActiveCfg = 东航专用-release|Win32
		{40578497-324E-4267-90E8-F575E0FDBB37}.东航专用-release|Win32.Build.0 = 东航专用-release|Win32
	EndGlobalSection
	GlobalSection(SolutionProperties) = preSolution
		HideSolutionNode = FALSE
	EndGlobalSection
EndGlobal
