<?xml version="1.0" encoding="utf-8"?>
<Project ToolsVersion="4.0" xmlns="http://schemas.microsoft.com/developer/msbuild/2003">
  <ItemGroup>
    <Filter Include="Header Files">
      <UniqueIdentifier>{aeae3f95-e7bd-4924-a802-6d01b33d51cc}</UniqueIdentifier>
    </Filter>
    <Filter Include="Source Files">
      <UniqueIdentifier>{46327b12-42c4-4bb1-9039-1061d140fb1f}</UniqueIdentifier>
    </Filter>
    <Filter Include="Generated Files">
      <UniqueIdentifier>{30dedb8e-44c7-4500-ba70-093380be70db}</UniqueIdentifier>
    </Filter>
    <Filter Include="Generated Files\Header Files">
      <UniqueIdentifier>{7b66d200-886d-4651-a415-ccf970859a60}</UniqueIdentifier>
    </Filter>
    <Filter Include="Generated Files\Source Files">
      <UniqueIdentifier>{143a5b43-cfdb-4f64-bde4-06bb39802785}</UniqueIdentifier>
    </Filter>
  </ItemGroup>
  <ItemGroup>
    <ClCompile Include="src\TimeClient.cpp">
      <Filter>Source Files</Filter>
    </ClCompile>
    <ClCompile Include="src\ITimeService.cpp">
      <Filter>Generated Files\Source Files</Filter>
    </ClCompile>
    <ClCompile Include="src\TimeServiceClientHelper.cpp">
      <Filter>Generated Files\Source Files</Filter>
    </ClCompile>
    <ClCompile Include="src\TimeServiceProxy.cpp">
      <Filter>Generated Files\Source Files</Filter>
    </ClCompile>
    <ClCompile Include="src\TimeServiceProxyFactory.cpp">
      <Filter>Generated Files\Source Files</Filter>
    </ClCompile>
  </ItemGroup>
  <ItemGroup>
    <ClInclude Include="include\ITimeService.h">
      <Filter>Generated Files\Header Files</Filter>
    </ClInclude>
    <ClInclude Include="include\TimeServiceClientHelper.h">
      <Filter>Generated Files\Header Files</Filter>
    </ClInclude>
    <ClInclude Include="include\TimeServiceProxy.h">
      <Filter>Generated Files\Header Files</Filter>
    </ClInclude>
    <ClInclude Include="include\TimeServiceProxyFactory.h">
      <Filter>Generated Files\Header Files</Filter>
    </ClInclude>
  </ItemGroup>
  <ItemGroup>
    <Xml Include="RemoteGen.xml" />
  </ItemGroup>
</Project>