<?xml version="1.0" encoding="utf-8"?>
<Project ToolsVersion="4.0" xmlns="http://schemas.microsoft.com/developer/msbuild/2003">
  <ItemGroup>
    <Filter Include="Configuration Files">
      <UniqueIdentifier>{365b7d89-57b0-45e0-8527-b4b6c570e0c5}</UniqueIdentifier>
    </Filter>
    <Filter Include="Source Files">
      <UniqueIdentifier>{bc054c1d-68c3-4c9a-adc4-c879c8042c00}</UniqueIdentifier>
    </Filter>
    <Filter Include="Page Files">
      <UniqueIdentifier>{74d6b000-0a40-4ff5-92fb-7195735378d1}</UniqueIdentifier>
    </Filter>
    <Filter Include="Header Files">
      <UniqueIdentifier>{a5a73558-70c9-40eb-bd7a-6403d700b535}</UniqueIdentifier>
    </Filter>
  </ItemGroup>
  <ItemGroup>
    <None Include="NetworkLight.properties">
      <Filter>Configuration Files</Filter>
    </None>
    <None Include="src\IndexPage.cpsp">
      <Filter>Page Files</Filter>
    </None>
    <None Include="src\RootDeviceDescription.cpsp">
      <Filter>Page Files</Filter>
    </None>
  </ItemGroup>
  <ItemGroup>
    <ClCompile Include="src\DimmableLight.cpp">
      <Filter>Source Files</Filter>
    </ClCompile>
    <ClCompile Include="src\Dimming1.cpp">
      <Filter>Source Files</Filter>
    </ClCompile>
    <ClCompile Include="src\DimmingImpl.cpp">
      <Filter>Source Files</Filter>
    </ClCompile>
    <ClCompile Include="src\IndexPage.cpp">
      <Filter>Source Files</Filter>
    </ClCompile>
    <ClCompile Include="src\NetworkLightServer.cpp">
      <Filter>Source Files</Filter>
    </ClCompile>
    <ClCompile Include="src\RootDeviceDescription.cpp">
      <Filter>Source Files</Filter>
    </ClCompile>
    <ClCompile Include="src\SwitchPower1.cpp">
      <Filter>Source Files</Filter>
    </ClCompile>
    <ClCompile Include="src\SwitchPowerImpl.cpp">
      <Filter>Source Files</Filter>
    </ClCompile>
  </ItemGroup>
  <ItemGroup>
    <ClInclude Include="src\DimmableLight.h">
      <Filter>Header Files</Filter>
    </ClInclude>
    <ClInclude Include="src\Dimming1.h">
      <Filter>Header Files</Filter>
    </ClInclude>
    <ClInclude Include="src\DimmingImpl.h">
      <Filter>Header Files</Filter>
    </ClInclude>
    <ClInclude Include="src\IndexPage.h">
      <Filter>Header Files</Filter>
    </ClInclude>
    <ClInclude Include="src\RootDeviceDescription.h">
      <Filter>Header Files</Filter>
    </ClInclude>
    <ClInclude Include="src\SwitchPower1.h">
      <Filter>Header Files</Filter>
    </ClInclude>
    <ClInclude Include="src\SwitchPowerImpl.h">
      <Filter>Header Files</Filter>
    </ClInclude>
  </ItemGroup>
</Project>