
Microsoft Visual Studio Solution File, Format Version 9.00
# Visual Studio 2005
Project("{8BC9CEB8-8B4A-11D0-8D11-00A0C91BC942}") = "FpApi", "FpApi\FpApi.vcproj", "{6BD22D29-6508-4AC7-A605-EE7A1B586F34}"
EndProject
Project("{8BC9CEB8-8B4A-11D0-8D11-00A0C91BC942}") = "TestApi", "TestApi\TestApi.vcproj", "{972D8EA8-8F61-4E52-A2A4-3BC54009C5DE}"
EndProject
Global
	GlobalSection(SolutionConfigurationPlatforms) = preSolution
		Debug|Win32 = Debug|Win32
		Release|Win32 = Release|Win32
	EndGlobalSection
	GlobalSection(ProjectConfigurationPlatforms) = postSolution
		{6BD22D29-6508-4AC7-A605-EE7A1B586F34}.Debug|Win32.ActiveCfg = Debug|Win32
		{6BD22D29-6508-4AC7-A605-EE7A1B586F34}.Debug|Win32.Build.0 = Debug|Win32
		{6BD22D29-6508-4AC7-A605-EE7A1B586F34}.Release|Win32.ActiveCfg = Release|Win32
		{6BD22D29-6508-4AC7-A605-EE7A1B586F34}.Release|Win32.Build.0 = Release|Win32
		{972D8EA8-8F61-4E52-A2A4-3BC54009C5DE}.Debug|Win32.ActiveCfg = Debug|Win32
		{972D8EA8-8F61-4E52-A2A4-3BC54009C5DE}.Debug|Win32.Build.0 = Debug|Win32
		{972D8EA8-8F61-4E52-A2A4-3BC54009C5DE}.Release|Win32.ActiveCfg = Release|Win32
		{972D8EA8-8F61-4E52-A2A4-3BC54009C5DE}.Release|Win32.Build.0 = Release|Win32
	EndGlobalSection
	GlobalSection(SolutionProperties) = preSolution
		HideSolutionNode = FALSE
	EndGlobalSection
EndGlobal
