
Microsoft Visual Studio Solution File, Format Version 11.00
# Visual Studio 2010
Project("{8BC9CEB8-8B4A-11D0-8D11-00A0C91BC942}") = "tradedll", "tradedll.vcxproj", "{0386282E-64B0-FDAE-5083-C730D76BE228}"
EndProject
Global
	GlobalSection(SolutionConfigurationPlatforms) = preSolution
		Debug|Win32 = Debug|Win32
		Release|Win32 = Release|Win32
	EndGlobalSection
	GlobalSection(ProjectConfigurationPlatforms) = postSolution
		{0386282E-64B0-FDAE-5083-C730D76BE228}.Debug|Win32.ActiveCfg = Debug|Win32
		{0386282E-64B0-FDAE-5083-C730D76BE228}.Debug|Win32.Build.0 = Debug|Win32
		{0386282E-64B0-FDAE-5083-C730D76BE228}.Release|Win32.ActiveCfg = Release|Win32
		{0386282E-64B0-FDAE-5083-C730D76BE228}.Release|Win32.Build.0 = Release|Win32
	EndGlobalSection
	GlobalSection(SolutionProperties) = preSolution
		HideSolutionNode = FALSE
	EndGlobalSection
EndGlobal
