<?xml version="1.0" encoding="utf-8"?>
<Project ToolsVersion="4.0" xmlns="http://schemas.microsoft.com/developer/msbuild/2003">
  <ItemGroup>
    <Filter Include="Header Files">
      <UniqueIdentifier>{fd8f493a-9f12-4844-8849-8ccfed1d85c4}</UniqueIdentifier>
    </Filter>
    <Filter Include="Source Files">
      <UniqueIdentifier>{15fb6d98-7e31-469b-b7a4-d48bc26efa81}</UniqueIdentifier>
    </Filter>
    <Filter Include="Generated Files">
      <UniqueIdentifier>{e2f73beb-2458-4ec2-907e-84f94fc8d60d}</UniqueIdentifier>
    </Filter>
    <Filter Include="Generated Files\Header Files">
      <UniqueIdentifier>{0dff46b3-a943-4800-a680-72fc689854f1}</UniqueIdentifier>
    </Filter>
    <Filter Include="Generated Files\Source Files">
      <UniqueIdentifier>{c2a5ead1-9152-4174-ab87-a87906ea7789}</UniqueIdentifier>
    </Filter>
  </ItemGroup>
  <ItemGroup>
    <ClInclude Include="include\Pizzeria\DeliveryAddress.h">
      <Filter>Header Files</Filter>
    </ClInclude>
    <ClInclude Include="include\Pizzeria\Order.h">
      <Filter>Header Files</Filter>
    </ClInclude>
    <ClInclude Include="include\Pizzeria\OrderCollection.h">
      <Filter>Header Files</Filter>
    </ClInclude>
    <ClInclude Include="include\Pizzeria\OrderCollectionEndpoint.h">
      <Filter>Header Files</Filter>
    </ClInclude>
    <ClInclude Include="include\Pizzeria\OrderEndpoint.h">
      <Filter>Header Files</Filter>
    </ClInclude>
    <ClInclude Include="include\Pizzeria\Pizza.h">
      <Filter>Header Files</Filter>
    </ClInclude>
    <ClInclude Include="include\Pizzeria\PizzaCollectionEndpoint.h">
      <Filter>Header Files</Filter>
    </ClInclude>
    <ClInclude Include="include\Pizzeria\Topping.h">
      <Filter>Header Files</Filter>
    </ClInclude>
    <ClInclude Include="include\Pizzeria\ToppingCollectionEndpoint.h">
      <Filter>Header Files</Filter>
    </ClInclude>
    <ClInclude Include="include\Pizzeria\DeliveryAddressDeserializer.h">
      <Filter>Generated Files\Header Files</Filter>
    </ClInclude>
    <ClInclude Include="include\Pizzeria\DeliveryAddressDetailsDeserializer.h">
      <Filter>Generated Files\Header Files</Filter>
    </ClInclude>
    <ClInclude Include="include\Pizzeria\DeliveryAddressDetailsSerializer.h">
      <Filter>Generated Files\Header Files</Filter>
    </ClInclude>
    <ClInclude Include="include\Pizzeria\DeliveryAddressSerializer.h">
      <Filter>Generated Files\Header Files</Filter>
    </ClInclude>
    <ClInclude Include="include\Pizzeria\ExtToppingDeserializer.h">
      <Filter>Generated Files\Header Files</Filter>
    </ClInclude>
    <ClInclude Include="include\Pizzeria\ExtToppingSerializer.h">
      <Filter>Generated Files\Header Files</Filter>
    </ClInclude>
    <ClInclude Include="include\Pizzeria\IOrderCollectionEndpoint.h">
      <Filter>Generated Files\Header Files</Filter>
    </ClInclude>
    <ClInclude Include="include\Pizzeria\IOrderEndpoint.h">
      <Filter>Generated Files\Header Files</Filter>
    </ClInclude>
    <ClInclude Include="include\Pizzeria\IPizzaCollectionEndpoint.h">
      <Filter>Generated Files\Header Files</Filter>
    </ClInclude>
    <ClInclude Include="include\Pizzeria\IToppingCollectionEndpoint.h">
      <Filter>Generated Files\Header Files</Filter>
    </ClInclude>
    <ClInclude Include="include\Pizzeria\OrderCollectionEndpointRemoteObject.h">
      <Filter>Generated Files\Header Files</Filter>
    </ClInclude>
    <ClInclude Include="include\Pizzeria\OrderCollectionEndpointServerHelper.h">
      <Filter>Generated Files\Header Files</Filter>
    </ClInclude>
    <ClInclude Include="include\Pizzeria\OrderCollectionEndpointSkeleton.h">
      <Filter>Generated Files\Header Files</Filter>
    </ClInclude>
    <ClInclude Include="include\Pizzeria\OrderDeserializer.h">
      <Filter>Generated Files\Header Files</Filter>
    </ClInclude>
    <ClInclude Include="include\Pizzeria\OrderEndpointRemoteObject.h">
      <Filter>Generated Files\Header Files</Filter>
    </ClInclude>
    <ClInclude Include="include\Pizzeria\OrderEndpointServerHelper.h">
      <Filter>Generated Files\Header Files</Filter>
    </ClInclude>
    <ClInclude Include="include\Pizzeria\OrderEndpointSkeleton.h">
      <Filter>Generated Files\Header Files</Filter>
    </ClInclude>
    <ClInclude Include="include\Pizzeria\OrderSerializer.h">
      <Filter>Generated Files\Header Files</Filter>
    </ClInclude>
    <ClInclude Include="include\Pizzeria\PizzaCollectionEndpointRemoteObject.h">
      <Filter>Generated Files\Header Files</Filter>
    </ClInclude>
    <ClInclude Include="include\Pizzeria\PizzaCollectionEndpointServerHelper.h">
      <Filter>Generated Files\Header Files</Filter>
    </ClInclude>
    <ClInclude Include="include\Pizzeria\PizzaCollectionEndpointSkeleton.h">
      <Filter>Generated Files\Header Files</Filter>
    </ClInclude>
    <ClInclude Include="include\Pizzeria\PizzaDeserializer.h">
      <Filter>Generated Files\Header Files</Filter>
    </ClInclude>
    <ClInclude Include="include\Pizzeria\PizzaDetailsDeserializer.h">
      <Filter>Generated Files\Header Files</Filter>
    </ClInclude>
    <ClInclude Include="include\Pizzeria\PizzaDetailsSerializer.h">
      <Filter>Generated Files\Header Files</Filter>
    </ClInclude>
    <ClInclude Include="include\Pizzeria\PizzaSerializer.h">
      <Filter>Generated Files\Header Files</Filter>
    </ClInclude>
    <ClInclude Include="include\Pizzeria\ToppingCollectionEndpointRemoteObject.h">
      <Filter>Generated Files\Header Files</Filter>
    </ClInclude>
    <ClInclude Include="include\Pizzeria\ToppingCollectionEndpointServerHelper.h">
      <Filter>Generated Files\Header Files</Filter>
    </ClInclude>
    <ClInclude Include="include\Pizzeria\ToppingCollectionEndpointSkeleton.h">
      <Filter>Generated Files\Header Files</Filter>
    </ClInclude>
    <ClInclude Include="include\Pizzeria\ToppingDeserializer.h">
      <Filter>Generated Files\Header Files</Filter>
    </ClInclude>
    <ClInclude Include="include\Pizzeria\ToppingSerializer.h">
      <Filter>Generated Files\Header Files</Filter>
    </ClInclude>
  </ItemGroup>
  <ItemGroup>
    <ClCompile Include="src\DeliveryAddress.cpp">
      <Filter>Source Files</Filter>
    </ClCompile>
    <ClCompile Include="src\OrderCollection.cpp">
      <Filter>Source Files</Filter>
    </ClCompile>
    <ClCompile Include="src\OrderCollectionEndpoint.cpp">
      <Filter>Source Files</Filter>
    </ClCompile>
    <ClCompile Include="src\OrderEndpoint.cpp">
      <Filter>Source Files</Filter>
    </ClCompile>
    <ClCompile Include="src\Pizza.cpp">
      <Filter>Source Files</Filter>
    </ClCompile>
    <ClCompile Include="src\PizzaCollectionEndpoint.cpp">
      <Filter>Source Files</Filter>
    </ClCompile>
    <ClCompile Include="src\PizzeriaServer.cpp">
      <Filter>Source Files</Filter>
    </ClCompile>
    <ClCompile Include="src\Topping.cpp">
      <Filter>Source Files</Filter>
    </ClCompile>
    <ClCompile Include="src\ToppingCollectionEndpoint.cpp">
      <Filter>Source Files</Filter>
    </ClCompile>
    <ClCompile Include="src\IOrderCollectionEndpoint.cpp">
      <Filter>Generated Files\Source Files</Filter>
    </ClCompile>
    <ClCompile Include="src\IOrderEndpoint.cpp">
      <Filter>Generated Files\Source Files</Filter>
    </ClCompile>
    <ClCompile Include="src\IPizzaCollectionEndpoint.cpp">
      <Filter>Generated Files\Source Files</Filter>
    </ClCompile>
    <ClCompile Include="src\IToppingCollectionEndpoint.cpp">
      <Filter>Generated Files\Source Files</Filter>
    </ClCompile>
    <ClCompile Include="src\OrderCollectionEndpointRemoteObject.cpp">
      <Filter>Generated Files\Source Files</Filter>
    </ClCompile>
    <ClCompile Include="src\OrderCollectionEndpointServerHelper.cpp">
      <Filter>Generated Files\Source Files</Filter>
    </ClCompile>
    <ClCompile Include="src\OrderCollectionEndpointSkeleton.cpp">
      <Filter>Generated Files\Source Files</Filter>
    </ClCompile>
    <ClCompile Include="src\OrderEndpointRemoteObject.cpp">
      <Filter>Generated Files\Source Files</Filter>
    </ClCompile>
    <ClCompile Include="src\OrderEndpointServerHelper.cpp">
      <Filter>Generated Files\Source Files</Filter>
    </ClCompile>
    <ClCompile Include="src\OrderEndpointSkeleton.cpp">
      <Filter>Generated Files\Source Files</Filter>
    </ClCompile>
    <ClCompile Include="src\PizzaCollectionEndpointRemoteObject.cpp">
      <Filter>Generated Files\Source Files</Filter>
    </ClCompile>
    <ClCompile Include="src\PizzaCollectionEndpointServerHelper.cpp">
      <Filter>Generated Files\Source Files</Filter>
    </ClCompile>
    <ClCompile Include="src\PizzaCollectionEndpointSkeleton.cpp">
      <Filter>Generated Files\Source Files</Filter>
    </ClCompile>
    <ClCompile Include="src\ToppingCollectionEndpointRemoteObject.cpp">
      <Filter>Generated Files\Source Files</Filter>
    </ClCompile>
    <ClCompile Include="src\ToppingCollectionEndpointServerHelper.cpp">
      <Filter>Generated Files\Source Files</Filter>
    </ClCompile>
    <ClCompile Include="src\ToppingCollectionEndpointSkeleton.cpp">
      <Filter>Generated Files\Source Files</Filter>
    </ClCompile>
  </ItemGroup>
  <ItemGroup>
    <Xml Include="RemoteGen.xml" />
  </ItemGroup>
</Project>