<?xml version="1.0" encoding="utf-8"?>
<Project ToolsVersion="4.0" xmlns="http://schemas.microsoft.com/developer/msbuild/2003">
  <ItemGroup>
    <Filter Include="Source Files">
      <UniqueIdentifier>{beb61c58-e94c-4513-b950-6dd865828bac}</UniqueIdentifier>
      <Extensions>cpp;c;cxx;rc;def;r;odl;idl;hpj;bat</Extensions>
    </Filter>
    <Filter Include="Header Files">
      <UniqueIdentifier>{ca2ea922-34cb-4d8e-a129-895e819a6be2}</UniqueIdentifier>
      <Extensions>h;hpp;hxx;hm;inl</Extensions>
    </Filter>
    <Filter Include="Resource Files">
      <UniqueIdentifier>{9496a2f4-3ce6-48e8-88ac-39c3e81ce7e6}</UniqueIdentifier>
      <Extensions>ico;cur;bmp;dlg;rc2;rct;bin;rgs;gif;jpg;jpeg;jpe</Extensions>
    </Filter>
  </ItemGroup>
  <ItemGroup>
    <ClCompile Include="DllMgr.cpp">
      <Filter>Source Files</Filter>
    </ClCompile>
    <ClCompile Include="DrebMsgThread.cpp">
      <Filter>Source Files</Filter>
    </ClCompile>
    <ClCompile Include="FlowData.cpp">
      <Filter>Source Files</Filter>
    </ClCompile>
    <ClCompile Include="main.cpp">
      <Filter>Source Files</Filter>
    </ClCompile>
    <ClCompile Include="MsgHead.cpp">
      <Filter>Source Files</Filter>
    </ClCompile>
    <ClCompile Include="PoolData.cpp">
      <Filter>Source Files</Filter>
    </ClCompile>
    <ClCompile Include="PoolModule.cpp">
      <Filter>Source Files</Filter>
    </ClCompile>
    <ClCompile Include="S2SgeThread.cpp">
      <Filter>Source Files</Filter>
    </ClCompile>
    <ClCompile Include="SendQueue.cpp">
      <Filter>Source Files</Filter>
    </ClCompile>
    <ClCompile Include="SgeMsgProcThread.cpp">
      <Filter>Source Files</Filter>
    </ClCompile>
    <ClCompile Include="SocketInfo.cpp">
      <Filter>Source Files</Filter>
    </ClCompile>
    <ClCompile Include="SocketMgr.cpp">
      <Filter>Source Files</Filter>
    </ClCompile>
    <ClCompile Include="TradeMain.cpp">
      <Filter>Source Files</Filter>
    </ClCompile>
    <ClCompile Include="TradeResource.cpp">
      <Filter>Source Files</Filter>
    </ClCompile>
  </ItemGroup>
  <ItemGroup>
    <ClInclude Include="DllMgr.h">
      <Filter>Header Files</Filter>
    </ClInclude>
    <ClInclude Include="DrebMsgThread.h">
      <Filter>Header Files</Filter>
    </ClInclude>
    <ClInclude Include="FlowData.h">
      <Filter>Header Files</Filter>
    </ClInclude>
    <ClInclude Include="IOfferingBase.h">
      <Filter>Header Files</Filter>
    </ClInclude>
    <ClInclude Include="MsgHead.h">
      <Filter>Header Files</Filter>
    </ClInclude>
    <ClInclude Include="PoolData.h">
      <Filter>Header Files</Filter>
    </ClInclude>
    <ClInclude Include="PoolModule.h">
      <Filter>Header Files</Filter>
    </ClInclude>
    <ClInclude Include="S2SgeThread.h">
      <Filter>Header Files</Filter>
    </ClInclude>
    <ClInclude Include="SendQueue.h">
      <Filter>Header Files</Filter>
    </ClInclude>
    <ClInclude Include="SgeFuncTbl.h">
      <Filter>Header Files</Filter>
    </ClInclude>
    <ClInclude Include="SgeMsgProcThread.h">
      <Filter>Header Files</Filter>
    </ClInclude>
    <ClInclude Include="SocketInfo.h">
      <Filter>Header Files</Filter>
    </ClInclude>
    <ClInclude Include="SocketMgr.h">
      <Filter>Header Files</Filter>
    </ClInclude>
    <ClInclude Include="TradeMain.h">
      <Filter>Header Files</Filter>
    </ClInclude>
    <ClInclude Include="TradeResource.h">
      <Filter>Header Files</Filter>
    </ClInclude>
  </ItemGroup>
</Project>