<?xml version="1.0" encoding="utf-8"?>
<Project ToolsVersion="4.0" xmlns="http://schemas.microsoft.com/developer/msbuild/2003">
  <ItemGroup>
    <Filter Include="源文件">
      <UniqueIdentifier>{4FC737F1-C7A5-4376-A066-2A32D752A2FF}</UniqueIdentifier>
      <Extensions>cpp;c;cc;cxx;def;odl;idl;hpj;bat;asm;asmx</Extensions>
    </Filter>
    <Filter Include="头文件">
      <UniqueIdentifier>{93995380-89BD-4b04-88EB-625FBE52EBFB}</UniqueIdentifier>
      <Extensions>h;hpp;hxx;hm;inl;inc;xsd</Extensions>
    </Filter>
    <Filter Include="资源文件">
      <UniqueIdentifier>{67DA6AB6-F800-4c08-8B7A-83BB121AAD01}</UniqueIdentifier>
      <Extensions>rc;ico;cur;bmp;dlg;rc2;rct;bin;rgs;gif;jpg;jpeg;jpe;resx;tiff;tif;png;wav;mfcribbon-ms</Extensions>
    </Filter>
    <Filter Include="ChartDraw">
      <UniqueIdentifier>{db7d7bfc-7556-464c-b1be-cb12bb3ede88}</UniqueIdentifier>
    </Filter>
    <Filter Include="ChartLib">
      <UniqueIdentifier>{25ac5915-431a-4f39-96b9-81baef6828cc}</UniqueIdentifier>
    </Filter>
  </ItemGroup>
  <ItemGroup>
    <None Include="ReadMe.txt" />
    <None Include="SimpleChart.def">
      <Filter>源文件</Filter>
    </None>
    <None Include="SimpleChart.ico">
      <Filter>资源文件</Filter>
    </None>
    <None Include="SimpleChartCtrl.bmp">
      <Filter>资源文件</Filter>
    </None>
  </ItemGroup>
  <ItemGroup>
    <ClCompile Include="stdafx.cpp">
      <Filter>源文件</Filter>
    </ClCompile>
    <ClCompile Include="SimpleChart.cpp">
      <Filter>源文件</Filter>
    </ClCompile>
    <ClCompile Include="SimpleChartPropPage.cpp">
      <Filter>源文件</Filter>
    </ClCompile>
    <ClCompile Include="Language.cpp">
      <Filter>源文件</Filter>
    </ClCompile>
    <ClCompile Include="MarkupSTL.cpp">
      <Filter>源文件</Filter>
    </ClCompile>
    <ClCompile Include="MemCore.cpp">
      <Filter>源文件</Filter>
    </ClCompile>
    <ClCompile Include="ChartDrawingBase.cpp">
      <Filter>ChartDraw</Filter>
    </ClCompile>
    <ClCompile Include="ChartAnsDrawTool.cpp">
      <Filter>ChartDraw</Filter>
    </ClCompile>
    <ClCompile Include="ChartAnsTool.cpp">
      <Filter>ChartDraw</Filter>
    </ClCompile>
    <ClCompile Include="MemoryDC.cpp">
      <Filter>ChartLib</Filter>
    </ClCompile>
    <ClCompile Include="ChtDibSection.cpp">
      <Filter>ChartLib</Filter>
    </ClCompile>
    <ClCompile Include="ANSTextEdit.cpp">
      <Filter>ChartDraw</Filter>
    </ClCompile>
    <ClCompile Include="SimpleChartCtrl.cpp">
      <Filter>源文件</Filter>
    </ClCompile>
    <ClCompile Include="LabelWnd.cpp">
      <Filter>源文件</Filter>
    </ClCompile>
  </ItemGroup>
  <ItemGroup>
    <ClInclude Include="stdafx.h">
      <Filter>头文件</Filter>
    </ClInclude>
    <ClInclude Include="targetver.h">
      <Filter>头文件</Filter>
    </ClInclude>
    <ClInclude Include="SimpleChart.h">
      <Filter>头文件</Filter>
    </ClInclude>
    <ClInclude Include="Resource.h">
      <Filter>头文件</Filter>
    </ClInclude>
    <ClInclude Include="SimpleChartPropPage.h">
      <Filter>头文件</Filter>
    </ClInclude>
    <ClInclude Include="Language.h">
      <Filter>头文件</Filter>
    </ClInclude>
    <ClInclude Include="MarkupSTL.h">
      <Filter>头文件</Filter>
    </ClInclude>
    <ClInclude Include="MemCore.h">
      <Filter>头文件</Filter>
    </ClInclude>
    <ClInclude Include="publicdefine.h">
      <Filter>头文件</Filter>
    </ClInclude>
    <ClInclude Include="ChartDrawingBase.h">
      <Filter>ChartDraw</Filter>
    </ClInclude>
    <ClInclude Include="ChartAnsDrawTool.h">
      <Filter>ChartDraw</Filter>
    </ClInclude>
    <ClInclude Include="ChartAnsTool.h">
      <Filter>ChartDraw</Filter>
    </ClInclude>
    <ClInclude Include="MemoryDC.h">
      <Filter>ChartLib</Filter>
    </ClInclude>
    <ClInclude Include="GlobalConst.h">
      <Filter>ChartLib</Filter>
    </ClInclude>
    <ClInclude Include="ChtDibSection.h">
      <Filter>ChartLib</Filter>
    </ClInclude>
    <ClInclude Include="ANSTextEdit.h">
      <Filter>ChartDraw</Filter>
    </ClInclude>
    <ClInclude Include="SimpleChartCtrl.h">
      <Filter>头文件</Filter>
    </ClInclude>
    <ClInclude Include="LabelWnd.h">
      <Filter>头文件</Filter>
    </ClInclude>
  </ItemGroup>
  <ItemGroup>
    <ResourceCompile Include="SimpleChart.rc">
      <Filter>资源文件</Filter>
    </ResourceCompile>
  </ItemGroup>
  <ItemGroup>
    <Midl Include="SimpleChart.idl">
      <Filter>源文件</Filter>
    </Midl>
  </ItemGroup>
</Project>