<?xml version="1.0" encoding="utf-8"?>
<Project ToolsVersion="4.0" xmlns="http://schemas.microsoft.com/developer/msbuild/2003">
  <ItemGroup>
    <Filter Include="Header Files">
      <UniqueIdentifier>{aa98138a-1e68-4676-aa2d-0d8f252060ca}</UniqueIdentifier>
    </Filter>
    <Filter Include="Source Files">
      <UniqueIdentifier>{5f8f18af-37fb-4d0e-8c34-0aadc44f516b}</UniqueIdentifier>
    </Filter>
    <Filter Include="Generated Files">
      <UniqueIdentifier>{7548cf14-d6c6-4c12-b763-95164fcf5e89}</UniqueIdentifier>
    </Filter>
    <Filter Include="Generated Files\Header Files">
      <UniqueIdentifier>{2cd9e813-2984-4a94-83c0-26b5e048c218}</UniqueIdentifier>
    </Filter>
    <Filter Include="Generated Files\Source Files">
      <UniqueIdentifier>{dad8d129-7947-4248-b20e-79a90d2eee36}</UniqueIdentifier>
    </Filter>
  </ItemGroup>
  <ItemGroup>
    <ClCompile Include="src\PizzeriaClient.cpp">
      <Filter>Source Files</Filter>
    </ClCompile>
    <ClCompile Include="src\DeliveryAddress.cpp">
      <Filter>Generated Files\Source Files</Filter>
    </ClCompile>
    <ClCompile Include="src\DeliveryAddressDetails.cpp">
      <Filter>Generated Files\Source Files</Filter>
    </ClCompile>
    <ClCompile Include="src\ExtTopping.cpp">
      <Filter>Generated Files\Source Files</Filter>
    </ClCompile>
    <ClCompile Include="src\GetAnyPizzaReply.cpp">
      <Filter>Generated Files\Source Files</Filter>
    </ClCompile>
    <ClCompile Include="src\GetAnyPizzaRequest.cpp">
      <Filter>Generated Files\Source Files</Filter>
    </ClCompile>
    <ClCompile Include="src\GetMostPopularToppingReply.cpp">
      <Filter>Generated Files\Source Files</Filter>
    </ClCompile>
    <ClCompile Include="src\GetMostPopularToppingRequest.cpp">
      <Filter>Generated Files\Source Files</Filter>
    </ClCompile>
    <ClCompile Include="src\GetPizzaNamesReply.cpp">
      <Filter>Generated Files\Source Files</Filter>
    </ClCompile>
    <ClCompile Include="src\GetPizzaNamesRequest.cpp">
      <Filter>Generated Files\Source Files</Filter>
    </ClCompile>
    <ClCompile Include="src\GetPizzasReply.cpp">
      <Filter>Generated Files\Source Files</Filter>
    </ClCompile>
    <ClCompile Include="src\GetPizzasRequest.cpp">
      <Filter>Generated Files\Source Files</Filter>
    </ClCompile>
    <ClCompile Include="src\GetToppingsReply.cpp">
      <Filter>Generated Files\Source Files</Filter>
    </ClCompile>
    <ClCompile Include="src\GetToppingsRequest.cpp">
      <Filter>Generated Files\Source Files</Filter>
    </ClCompile>
    <ClCompile Include="src\GetWaitTimeReply.cpp">
      <Filter>Generated Files\Source Files</Filter>
    </ClCompile>
    <ClCompile Include="src\GetWaitTimeRequest.cpp">
      <Filter>Generated Files\Source Files</Filter>
    </ClCompile>
    <ClCompile Include="src\IPizzaDeliveryService.cpp">
      <Filter>Generated Files\Source Files</Filter>
    </ClCompile>
    <ClCompile Include="src\OrderReply.cpp">
      <Filter>Generated Files\Source Files</Filter>
    </ClCompile>
    <ClCompile Include="src\OrderRequest.cpp">
      <Filter>Generated Files\Source Files</Filter>
    </ClCompile>
    <ClCompile Include="src\Pizza.cpp">
      <Filter>Generated Files\Source Files</Filter>
    </ClCompile>
    <ClCompile Include="src\PizzaDeliveryService.cpp">
      <Filter>Generated Files\Source Files</Filter>
    </ClCompile>
    <ClCompile Include="src\PizzaDeliveryService12.cpp">
      <Filter>Generated Files\Source Files</Filter>
    </ClCompile>
    <ClCompile Include="src\PizzaDeliveryServiceClientHelper.cpp">
      <Filter>Generated Files\Source Files</Filter>
    </ClCompile>
    <ClCompile Include="src\PizzaDeliveryServiceProxy.cpp">
      <Filter>Generated Files\Source Files</Filter>
    </ClCompile>
    <ClCompile Include="src\PizzaDeliveryServiceProxyFactory.cpp">
      <Filter>Generated Files\Source Files</Filter>
    </ClCompile>
    <ClCompile Include="src\PizzaDetails.cpp">
      <Filter>Generated Files\Source Files</Filter>
    </ClCompile>
    <ClCompile Include="src\Topping.cpp">
      <Filter>Generated Files\Source Files</Filter>
    </ClCompile>
  </ItemGroup>
  <ItemGroup>
    <ClInclude Include="include\Pizzeria\DeliveryAddress.h">
      <Filter>Generated Files\Header Files</Filter>
    </ClInclude>
    <ClInclude Include="include\Pizzeria\DeliveryAddressDeserializer.h">
      <Filter>Generated Files\Header Files</Filter>
    </ClInclude>
    <ClInclude Include="include\Pizzeria\DeliveryAddressDetails.h">
      <Filter>Generated Files\Header Files</Filter>
    </ClInclude>
    <ClInclude Include="include\Pizzeria\DeliveryAddressDetailsDeserializer.h">
      <Filter>Generated Files\Header Files</Filter>
    </ClInclude>
    <ClInclude Include="include\Pizzeria\DeliveryAddressDetailsSerializer.h">
      <Filter>Generated Files\Header Files</Filter>
    </ClInclude>
    <ClInclude Include="include\Pizzeria\DeliveryAddressSerializer.h">
      <Filter>Generated Files\Header Files</Filter>
    </ClInclude>
    <ClInclude Include="include\Pizzeria\ExtTopping.h">
      <Filter>Generated Files\Header Files</Filter>
    </ClInclude>
    <ClInclude Include="include\Pizzeria\ExtToppingDeserializer.h">
      <Filter>Generated Files\Header Files</Filter>
    </ClInclude>
    <ClInclude Include="include\Pizzeria\ExtToppingSerializer.h">
      <Filter>Generated Files\Header Files</Filter>
    </ClInclude>
    <ClInclude Include="include\Pizzeria\GetAnyPizzaReply.h">
      <Filter>Generated Files\Header Files</Filter>
    </ClInclude>
    <ClInclude Include="include\Pizzeria\GetAnyPizzaRequest.h">
      <Filter>Generated Files\Header Files</Filter>
    </ClInclude>
    <ClInclude Include="include\Pizzeria\GetMostPopularToppingReply.h">
      <Filter>Generated Files\Header Files</Filter>
    </ClInclude>
    <ClInclude Include="include\Pizzeria\GetMostPopularToppingRequest.h">
      <Filter>Generated Files\Header Files</Filter>
    </ClInclude>
    <ClInclude Include="include\Pizzeria\GetPizzaNamesReply.h">
      <Filter>Generated Files\Header Files</Filter>
    </ClInclude>
    <ClInclude Include="include\Pizzeria\GetPizzaNamesRequest.h">
      <Filter>Generated Files\Header Files</Filter>
    </ClInclude>
    <ClInclude Include="include\Pizzeria\GetPizzasReply.h">
      <Filter>Generated Files\Header Files</Filter>
    </ClInclude>
    <ClInclude Include="include\Pizzeria\GetPizzasRequest.h">
      <Filter>Generated Files\Header Files</Filter>
    </ClInclude>
    <ClInclude Include="include\Pizzeria\GetToppingsReply.h">
      <Filter>Generated Files\Header Files</Filter>
    </ClInclude>
    <ClInclude Include="include\Pizzeria\GetToppingsRequest.h">
      <Filter>Generated Files\Header Files</Filter>
    </ClInclude>
    <ClInclude Include="include\Pizzeria\GetWaitTimeReply.h">
      <Filter>Generated Files\Header Files</Filter>
    </ClInclude>
    <ClInclude Include="include\Pizzeria\GetWaitTimeRequest.h">
      <Filter>Generated Files\Header Files</Filter>
    </ClInclude>
    <ClInclude Include="include\Pizzeria\IPizzaDeliveryService.h">
      <Filter>Generated Files\Header Files</Filter>
    </ClInclude>
    <ClInclude Include="include\Pizzeria\OrderReply.h">
      <Filter>Generated Files\Header Files</Filter>
    </ClInclude>
    <ClInclude Include="include\Pizzeria\OrderRequest.h">
      <Filter>Generated Files\Header Files</Filter>
    </ClInclude>
    <ClInclude Include="include\Pizzeria\Pizza.h">
      <Filter>Generated Files\Header Files</Filter>
    </ClInclude>
    <ClInclude Include="include\Pizzeria\PizzaDeliveryService.h">
      <Filter>Generated Files\Header Files</Filter>
    </ClInclude>
    <ClInclude Include="include\Pizzeria\PizzaDeliveryService12.h">
      <Filter>Generated Files\Header Files</Filter>
    </ClInclude>
    <ClInclude Include="include\Pizzeria\PizzaDeliveryServiceClientHelper.h">
      <Filter>Generated Files\Header Files</Filter>
    </ClInclude>
    <ClInclude Include="include\Pizzeria\PizzaDeliveryServiceProxy.h">
      <Filter>Generated Files\Header Files</Filter>
    </ClInclude>
    <ClInclude Include="include\Pizzeria\PizzaDeliveryServiceProxyFactory.h">
      <Filter>Generated Files\Header Files</Filter>
    </ClInclude>
    <ClInclude Include="include\Pizzeria\PizzaDeserializer.h">
      <Filter>Generated Files\Header Files</Filter>
    </ClInclude>
    <ClInclude Include="include\Pizzeria\PizzaDetails.h">
      <Filter>Generated Files\Header Files</Filter>
    </ClInclude>
    <ClInclude Include="include\Pizzeria\PizzaDetailsDeserializer.h">
      <Filter>Generated Files\Header Files</Filter>
    </ClInclude>
    <ClInclude Include="include\Pizzeria\PizzaDetailsSerializer.h">
      <Filter>Generated Files\Header Files</Filter>
    </ClInclude>
    <ClInclude Include="include\Pizzeria\PizzaSerializer.h">
      <Filter>Generated Files\Header Files</Filter>
    </ClInclude>
    <ClInclude Include="include\Pizzeria\Topping.h">
      <Filter>Generated Files\Header Files</Filter>
    </ClInclude>
    <ClInclude Include="include\Pizzeria\ToppingDeserializer.h">
      <Filter>Generated Files\Header Files</Filter>
    </ClInclude>
    <ClInclude Include="include\Pizzeria\ToppingSerializer.h">
      <Filter>Generated Files\Header Files</Filter>
    </ClInclude>
  </ItemGroup>
  <ItemGroup>
    <Xml Include="RemoteGen.xml" />
    <Xml Include="XSDCodeGen.xml" />
  </ItemGroup>
</Project>