<?xml version="1.0" encoding="utf-8"?>
<Project ToolsVersion="4.0" xmlns="http://schemas.microsoft.com/developer/msbuild/2003">
  <ItemGroup>
    <Filter Include="Header Files">
      <UniqueIdentifier>{e5811b0f-eb17-4f4c-b1ad-ed1f2101971a}</UniqueIdentifier>
    </Filter>
    <Filter Include="Source Files">
      <UniqueIdentifier>{d75b919b-80a9-4550-a73b-88530c9de8a6}</UniqueIdentifier>
    </Filter>
    <Filter Include="Generated Files">
      <UniqueIdentifier>{66be015e-8c66-4831-9c2c-919b372cbd58}</UniqueIdentifier>
    </Filter>
    <Filter Include="Generated Files\Header Files">
      <UniqueIdentifier>{3564c8a1-0f0d-4452-add6-6d09760ff8ce}</UniqueIdentifier>
    </Filter>
    <Filter Include="Generated Files\Source Files">
      <UniqueIdentifier>{be821f92-0066-44b1-9b12-06c698ba7014}</UniqueIdentifier>
    </Filter>
  </ItemGroup>
  <ItemGroup>
    <ClCompile Include="src\CheckVatClient.cpp">
      <Filter>Source Files</Filter>
    </ClCompile>
    <ClCompile Include="src\CheckVatService.cpp">
      <Filter>Generated Files\Source Files</Filter>
    </ClCompile>
    <ClCompile Include="src\CheckVatServiceClientHelper.cpp">
      <Filter>Generated Files\Source Files</Filter>
    </ClCompile>
    <ClCompile Include="src\CheckVatServiceProxy.cpp">
      <Filter>Generated Files\Source Files</Filter>
    </ClCompile>
    <ClCompile Include="src\CheckVatServiceProxyFactory.cpp">
      <Filter>Generated Files\Source Files</Filter>
    </ClCompile>
    <ClCompile Include="src\ICheckVatService.cpp">
      <Filter>Generated Files\Source Files</Filter>
    </ClCompile>
  </ItemGroup>
  <ItemGroup>
    <ClInclude Include="include\CheckVat\CheckVatService.h">
      <Filter>Generated Files\Header Files</Filter>
    </ClInclude>
    <ClInclude Include="include\CheckVat\CheckVatServiceClientHelper.h">
      <Filter>Generated Files\Header Files</Filter>
    </ClInclude>
    <ClInclude Include="include\CheckVat\CheckVatServiceProxy.h">
      <Filter>Generated Files\Header Files</Filter>
    </ClInclude>
    <ClInclude Include="include\CheckVat\CheckVatServiceProxyFactory.h">
      <Filter>Generated Files\Header Files</Filter>
    </ClInclude>
    <ClInclude Include="include\CheckVat\ICheckVatService.h">
      <Filter>Generated Files\Header Files</Filter>
    </ClInclude>
  </ItemGroup>
  <ItemGroup>
    <Xml Include="RemoteGen.xml" />
    <Xml Include="XSDCodeGen.xml" />
  </ItemGroup>
</Project>