Microsoft Visual Studio Solution File, Format Version 12.00
# Visual Studio 2015
Project("{8BC9CEB8-8B4A-11D0-8D11-00A0C91BC942}") = "SSDPListener", "SSDPListener\SSDPListener_vs140.vcxproj", "{281E46C3-C558-3F71-86B9-CAA0CF80D971}"
	ProjectSection(ProjectDependencies) = postProject
	EndProjectSection
EndProject
Project("{8BC9CEB8-8B4A-11D0-8D11-00A0C91BC942}") = "HTTPTimeServer", "HTTPTimeServer\HTTPTimeServer_vs140.vcxproj", "{18A0143A-444A-38E3-838C-1ACFBE4EE18C}"
	ProjectSection(ProjectDependencies) = postProject
		{281E46C3-C558-3F71-86B9-CAA0CF80D971} = {281E46C3-C558-3F71-86B9-CAA0CF80D971}
	EndProjectSection
EndProject
Project("{8BC9CEB8-8B4A-11D0-8D11-00A0C91BC942}") = "LightingControls1", "LightingControls_1\LightingControls1_vs140.vcxproj", "{B249015D-AEDA-3E76-A739-048449DFB5A2}"
	ProjectSection(ProjectDependencies) = postProject
		{281E46C3-C558-3F71-86B9-CAA0CF80D971} = {281E46C3-C558-3F71-86B9-CAA0CF80D971}
		{18A0143A-444A-38E3-838C-1ACFBE4EE18C} = {18A0143A-444A-38E3-838C-1ACFBE4EE18C}
	EndProjectSection
EndProject
Project("{8BC9CEB8-8B4A-11D0-8D11-00A0C91BC942}") = "NetworkLight", "NetworkLight\NetworkLight_vs140.vcxproj", "{374B6615-FB10-3BCD-958E-4C8C56CB8C50}"
	ProjectSection(ProjectDependencies) = postProject
		{281E46C3-C558-3F71-86B9-CAA0CF80D971} = {281E46C3-C558-3F71-86B9-CAA0CF80D971}
		{18A0143A-444A-38E3-838C-1ACFBE4EE18C} = {18A0143A-444A-38E3-838C-1ACFBE4EE18C}
		{B249015D-AEDA-3E76-A739-048449DFB5A2} = {B249015D-AEDA-3E76-A739-048449DFB5A2}
	EndProjectSection
EndProject
Project("{8BC9CEB8-8B4A-11D0-8D11-00A0C91BC942}") = "NetworkLightController", "NetworkLightController\NetworkLightController_vs140.vcxproj", "{CE453C7F-7805-3ECF-8547-B46F1ED367C7}"
	ProjectSection(ProjectDependencies) = postProject
		{281E46C3-C558-3F71-86B9-CAA0CF80D971} = {281E46C3-C558-3F71-86B9-CAA0CF80D971}
		{18A0143A-444A-38E3-838C-1ACFBE4EE18C} = {18A0143A-444A-38E3-838C-1ACFBE4EE18C}
		{B249015D-AEDA-3E76-A739-048449DFB5A2} = {B249015D-AEDA-3E76-A739-048449DFB5A2}
		{374B6615-FB10-3BCD-958E-4C8C56CB8C50} = {374B6615-FB10-3BCD-958E-4C8C56CB8C50}
	EndProjectSection
EndProject
Project("{8BC9CEB8-8B4A-11D0-8D11-00A0C91BC942}") = "MediaServer1", "MediaServer_1\MediaServer1_vs140.vcxproj", "{04D8B40F-EE7F-394A-BD3A-10FDEAFBD008}"
	ProjectSection(ProjectDependencies) = postProject
		{281E46C3-C558-3F71-86B9-CAA0CF80D971} = {281E46C3-C558-3F71-86B9-CAA0CF80D971}
		{18A0143A-444A-38E3-838C-1ACFBE4EE18C} = {18A0143A-444A-38E3-838C-1ACFBE4EE18C}
		{B249015D-AEDA-3E76-A739-048449DFB5A2} = {B249015D-AEDA-3E76-A739-048449DFB5A2}
		{374B6615-FB10-3BCD-958E-4C8C56CB8C50} = {374B6615-FB10-3BCD-958E-4C8C56CB8C50}
		{CE453C7F-7805-3ECF-8547-B46F1ED367C7} = {CE453C7F-7805-3ECF-8547-B46F1ED367C7}
	EndProjectSection
EndProject
Project("{8BC9CEB8-8B4A-11D0-8D11-00A0C91BC942}") = "SimpleMediaServer", "SimpleMediaServer\SimpleMediaServer_vs140.vcxproj", "{449DB589-97C0-3E2C-8A83-A1066905C310}"
	ProjectSection(ProjectDependencies) = postProject
		{281E46C3-C558-3F71-86B9-CAA0CF80D971} = {281E46C3-C558-3F71-86B9-CAA0CF80D971}
		{18A0143A-444A-38E3-838C-1ACFBE4EE18C} = {18A0143A-444A-38E3-838C-1ACFBE4EE18C}
		{B249015D-AEDA-3E76-A739-048449DFB5A2} = {B249015D-AEDA-3E76-A739-048449DFB5A2}
		{374B6615-FB10-3BCD-958E-4C8C56CB8C50} = {374B6615-FB10-3BCD-958E-4C8C56CB8C50}
		{CE453C7F-7805-3ECF-8547-B46F1ED367C7} = {CE453C7F-7805-3ECF-8547-B46F1ED367C7}
		{04D8B40F-EE7F-394A-BD3A-10FDEAFBD008} = {04D8B40F-EE7F-394A-BD3A-10FDEAFBD008}
	EndProjectSection
EndProject
Project("{8BC9CEB8-8B4A-11D0-8D11-00A0C91BC942}") = "InternetGateway1", "InternetGateway_1\InternetGateway1_vs140.vcxproj", "{BDADC067-81DA-3307-8F0B-F636D281D79B}"
	ProjectSection(ProjectDependencies) = postProject
		{281E46C3-C558-3F71-86B9-CAA0CF80D971} = {281E46C3-C558-3F71-86B9-CAA0CF80D971}
		{18A0143A-444A-38E3-838C-1ACFBE4EE18C} = {18A0143A-444A-38E3-838C-1ACFBE4EE18C}
		{B249015D-AEDA-3E76-A739-048449DFB5A2} = {B249015D-AEDA-3E76-A739-048449DFB5A2}
		{374B6615-FB10-3BCD-958E-4C8C56CB8C50} = {374B6615-FB10-3BCD-958E-4C8C56CB8C50}
		{CE453C7F-7805-3ECF-8547-B46F1ED367C7} = {CE453C7F-7805-3ECF-8547-B46F1ED367C7}
		{04D8B40F-EE7F-394A-BD3A-10FDEAFBD008} = {04D8B40F-EE7F-394A-BD3A-10FDEAFBD008}
		{449DB589-97C0-3E2C-8A83-A1066905C310} = {449DB589-97C0-3E2C-8A83-A1066905C310}
	EndProjectSection
EndProject
Project("{8BC9CEB8-8B4A-11D0-8D11-00A0C91BC942}") = "IGDClient", "IGDClient\IGDClient_vs140.vcxproj", "{E478D00C-81B9-3651-88BC-E80DF2DD5F90}"
	ProjectSection(ProjectDependencies) = postProject
		{281E46C3-C558-3F71-86B9-CAA0CF80D971} = {281E46C3-C558-3F71-86B9-CAA0CF80D971}
		{18A0143A-444A-38E3-838C-1ACFBE4EE18C} = {18A0143A-444A-38E3-838C-1ACFBE4EE18C}
		{B249015D-AEDA-3E76-A739-048449DFB5A2} = {B249015D-AEDA-3E76-A739-048449DFB5A2}
		{374B6615-FB10-3BCD-958E-4C8C56CB8C50} = {374B6615-FB10-3BCD-958E-4C8C56CB8C50}
		{CE453C7F-7805-3ECF-8547-B46F1ED367C7} = {CE453C7F-7805-3ECF-8547-B46F1ED367C7}
		{04D8B40F-EE7F-394A-BD3A-10FDEAFBD008} = {04D8B40F-EE7F-394A-BD3A-10FDEAFBD008}
		{449DB589-97C0-3E2C-8A83-A1066905C310} = {449DB589-97C0-3E2C-8A83-A1066905C310}
		{BDADC067-81DA-3307-8F0B-F636D281D79B} = {BDADC067-81DA-3307-8F0B-F636D281D79B}
	EndProjectSection
EndProject
Global
	GlobalSection(SolutionConfigurationPlatforms) = preSolution
		debug_shared|Win32 = debug_shared|Win32
		release_shared|Win32 = release_shared|Win32
		debug_static_mt|Win32 = debug_static_mt|Win32
		release_static_mt|Win32 = release_static_mt|Win32
		debug_static_md|Win32 = debug_static_md|Win32
		release_static_md|Win32 = release_static_md|Win32
	EndGlobalSection
	GlobalSection(ProjectConfigurationPlatforms) = postSolution
		{281E46C3-C558-3F71-86B9-CAA0CF80D971}.debug_shared|Win32.ActiveCfg = debug_shared|Win32
		{281E46C3-C558-3F71-86B9-CAA0CF80D971}.debug_shared|Win32.Build.0 = debug_shared|Win32
		{281E46C3-C558-3F71-86B9-CAA0CF80D971}.debug_shared|Win32.Deploy.0 = debug_shared|Win32
		{281E46C3-C558-3F71-86B9-CAA0CF80D971}.release_shared|Win32.ActiveCfg = release_shared|Win32
		{281E46C3-C558-3F71-86B9-CAA0CF80D971}.release_shared|Win32.Build.0 = release_shared|Win32
		{281E46C3-C558-3F71-86B9-CAA0CF80D971}.release_shared|Win32.Deploy.0 = release_shared|Win32
		{281E46C3-C558-3F71-86B9-CAA0CF80D971}.debug_static_mt|Win32.ActiveCfg = debug_static_mt|Win32
		{281E46C3-C558-3F71-86B9-CAA0CF80D971}.debug_static_mt|Win32.Build.0 = debug_static_mt|Win32
		{281E46C3-C558-3F71-86B9-CAA0CF80D971}.debug_static_mt|Win32.Deploy.0 = debug_static_mt|Win32
		{281E46C3-C558-3F71-86B9-CAA0CF80D971}.release_static_mt|Win32.ActiveCfg = release_static_mt|Win32
		{281E46C3-C558-3F71-86B9-CAA0CF80D971}.release_static_mt|Win32.Build.0 = release_static_mt|Win32
		{281E46C3-C558-3F71-86B9-CAA0CF80D971}.release_static_mt|Win32.Deploy.0 = release_static_mt|Win32
		{281E46C3-C558-3F71-86B9-CAA0CF80D971}.debug_static_md|Win32.ActiveCfg = debug_static_md|Win32
		{281E46C3-C558-3F71-86B9-CAA0CF80D971}.debug_static_md|Win32.Build.0 = debug_static_md|Win32
		{281E46C3-C558-3F71-86B9-CAA0CF80D971}.debug_static_md|Win32.Deploy.0 = debug_static_md|Win32
		{281E46C3-C558-3F71-86B9-CAA0CF80D971}.release_static_md|Win32.ActiveCfg = release_static_md|Win32
		{281E46C3-C558-3F71-86B9-CAA0CF80D971}.release_static_md|Win32.Build.0 = release_static_md|Win32
		{281E46C3-C558-3F71-86B9-CAA0CF80D971}.release_static_md|Win32.Deploy.0 = release_static_md|Win32
		{18A0143A-444A-38E3-838C-1ACFBE4EE18C}.debug_shared|Win32.ActiveCfg = debug_shared|Win32
		{18A0143A-444A-38E3-838C-1ACFBE4EE18C}.debug_shared|Win32.Build.0 = debug_shared|Win32
		{18A0143A-444A-38E3-838C-1ACFBE4EE18C}.debug_shared|Win32.Deploy.0 = debug_shared|Win32
		{18A0143A-444A-38E3-838C-1ACFBE4EE18C}.release_shared|Win32.ActiveCfg = release_shared|Win32
		{18A0143A-444A-38E3-838C-1ACFBE4EE18C}.release_shared|Win32.Build.0 = release_shared|Win32
		{18A0143A-444A-38E3-838C-1ACFBE4EE18C}.release_shared|Win32.Deploy.0 = release_shared|Win32
		{18A0143A-444A-38E3-838C-1ACFBE4EE18C}.debug_static_mt|Win32.ActiveCfg = debug_static_mt|Win32
		{18A0143A-444A-38E3-838C-1ACFBE4EE18C}.debug_static_mt|Win32.Build.0 = debug_static_mt|Win32
		{18A0143A-444A-38E3-838C-1ACFBE4EE18C}.debug_static_mt|Win32.Deploy.0 = debug_static_mt|Win32
		{18A0143A-444A-38E3-838C-1ACFBE4EE18C}.release_static_mt|Win32.ActiveCfg = release_static_mt|Win32
		{18A0143A-444A-38E3-838C-1ACFBE4EE18C}.release_static_mt|Win32.Build.0 = release_static_mt|Win32
		{18A0143A-444A-38E3-838C-1ACFBE4EE18C}.release_static_mt|Win32.Deploy.0 = release_static_mt|Win32
		{18A0143A-444A-38E3-838C-1ACFBE4EE18C}.debug_static_md|Win32.ActiveCfg = debug_static_md|Win32
		{18A0143A-444A-38E3-838C-1ACFBE4EE18C}.debug_static_md|Win32.Build.0 = debug_static_md|Win32
		{18A0143A-444A-38E3-838C-1ACFBE4EE18C}.debug_static_md|Win32.Deploy.0 = debug_static_md|Win32
		{18A0143A-444A-38E3-838C-1ACFBE4EE18C}.release_static_md|Win32.ActiveCfg = release_static_md|Win32
		{18A0143A-444A-38E3-838C-1ACFBE4EE18C}.release_static_md|Win32.Build.0 = release_static_md|Win32
		{18A0143A-444A-38E3-838C-1ACFBE4EE18C}.release_static_md|Win32.Deploy.0 = release_static_md|Win32
		{B249015D-AEDA-3E76-A739-048449DFB5A2}.debug_shared|Win32.ActiveCfg = debug_shared|Win32
		{B249015D-AEDA-3E76-A739-048449DFB5A2}.debug_shared|Win32.Build.0 = debug_shared|Win32
		{B249015D-AEDA-3E76-A739-048449DFB5A2}.debug_shared|Win32.Deploy.0 = debug_shared|Win32
		{B249015D-AEDA-3E76-A739-048449DFB5A2}.release_shared|Win32.ActiveCfg = release_shared|Win32
		{B249015D-AEDA-3E76-A739-048449DFB5A2}.release_shared|Win32.Build.0 = release_shared|Win32
		{B249015D-AEDA-3E76-A739-048449DFB5A2}.release_shared|Win32.Deploy.0 = release_shared|Win32
		{B249015D-AEDA-3E76-A739-048449DFB5A2}.debug_static_mt|Win32.ActiveCfg = debug_static_mt|Win32
		{B249015D-AEDA-3E76-A739-048449DFB5A2}.debug_static_mt|Win32.Build.0 = debug_static_mt|Win32
		{B249015D-AEDA-3E76-A739-048449DFB5A2}.debug_static_mt|Win32.Deploy.0 = debug_static_mt|Win32
		{B249015D-AEDA-3E76-A739-048449DFB5A2}.release_static_mt|Win32.ActiveCfg = release_static_mt|Win32
		{B249015D-AEDA-3E76-A739-048449DFB5A2}.release_static_mt|Win32.Build.0 = release_static_mt|Win32
		{B249015D-AEDA-3E76-A739-048449DFB5A2}.release_static_mt|Win32.Deploy.0 = release_static_mt|Win32
		{B249015D-AEDA-3E76-A739-048449DFB5A2}.debug_static_md|Win32.ActiveCfg = debug_static_md|Win32
		{B249015D-AEDA-3E76-A739-048449DFB5A2}.debug_static_md|Win32.Build.0 = debug_static_md|Win32
		{B249015D-AEDA-3E76-A739-048449DFB5A2}.debug_static_md|Win32.Deploy.0 = debug_static_md|Win32
		{B249015D-AEDA-3E76-A739-048449DFB5A2}.release_static_md|Win32.ActiveCfg = release_static_md|Win32
		{B249015D-AEDA-3E76-A739-048449DFB5A2}.release_static_md|Win32.Build.0 = release_static_md|Win32
		{B249015D-AEDA-3E76-A739-048449DFB5A2}.release_static_md|Win32.Deploy.0 = release_static_md|Win32
		{374B6615-FB10-3BCD-958E-4C8C56CB8C50}.debug_shared|Win32.ActiveCfg = debug_shared|Win32
		{374B6615-FB10-3BCD-958E-4C8C56CB8C50}.debug_shared|Win32.Build.0 = debug_shared|Win32
		{374B6615-FB10-3BCD-958E-4C8C56CB8C50}.debug_shared|Win32.Deploy.0 = debug_shared|Win32
		{374B6615-FB10-3BCD-958E-4C8C56CB8C50}.release_shared|Win32.ActiveCfg = release_shared|Win32
		{374B6615-FB10-3BCD-958E-4C8C56CB8C50}.release_shared|Win32.Build.0 = release_shared|Win32
		{374B6615-FB10-3BCD-958E-4C8C56CB8C50}.release_shared|Win32.Deploy.0 = release_shared|Win32
		{374B6615-FB10-3BCD-958E-4C8C56CB8C50}.debug_static_mt|Win32.ActiveCfg = debug_static_mt|Win32
		{374B6615-FB10-3BCD-958E-4C8C56CB8C50}.debug_static_mt|Win32.Build.0 = debug_static_mt|Win32
		{374B6615-FB10-3BCD-958E-4C8C56CB8C50}.debug_static_mt|Win32.Deploy.0 = debug_static_mt|Win32
		{374B6615-FB10-3BCD-958E-4C8C56CB8C50}.release_static_mt|Win32.ActiveCfg = release_static_mt|Win32
		{374B6615-FB10-3BCD-958E-4C8C56CB8C50}.release_static_mt|Win32.Build.0 = release_static_mt|Win32
		{374B6615-FB10-3BCD-958E-4C8C56CB8C50}.release_static_mt|Win32.Deploy.0 = release_static_mt|Win32
		{374B6615-FB10-3BCD-958E-4C8C56CB8C50}.debug_static_md|Win32.ActiveCfg = debug_static_md|Win32
		{374B6615-FB10-3BCD-958E-4C8C56CB8C50}.debug_static_md|Win32.Build.0 = debug_static_md|Win32
		{374B6615-FB10-3BCD-958E-4C8C56CB8C50}.debug_static_md|Win32.Deploy.0 = debug_static_md|Win32
		{374B6615-FB10-3BCD-958E-4C8C56CB8C50}.release_static_md|Win32.ActiveCfg = release_static_md|Win32
		{374B6615-FB10-3BCD-958E-4C8C56CB8C50}.release_static_md|Win32.Build.0 = release_static_md|Win32
		{374B6615-FB10-3BCD-958E-4C8C56CB8C50}.release_static_md|Win32.Deploy.0 = release_static_md|Win32
		{CE453C7F-7805-3ECF-8547-B46F1ED367C7}.debug_shared|Win32.ActiveCfg = debug_shared|Win32
		{CE453C7F-7805-3ECF-8547-B46F1ED367C7}.debug_shared|Win32.Build.0 = debug_shared|Win32
		{CE453C7F-7805-3ECF-8547-B46F1ED367C7}.debug_shared|Win32.Deploy.0 = debug_shared|Win32
		{CE453C7F-7805-3ECF-8547-B46F1ED367C7}.release_shared|Win32.ActiveCfg = release_shared|Win32
		{CE453C7F-7805-3ECF-8547-B46F1ED367C7}.release_shared|Win32.Build.0 = release_shared|Win32
		{CE453C7F-7805-3ECF-8547-B46F1ED367C7}.release_shared|Win32.Deploy.0 = release_shared|Win32
		{CE453C7F-7805-3ECF-8547-B46F1ED367C7}.debug_static_mt|Win32.ActiveCfg = debug_static_mt|Win32
		{CE453C7F-7805-3ECF-8547-B46F1ED367C7}.debug_static_mt|Win32.Build.0 = debug_static_mt|Win32
		{CE453C7F-7805-3ECF-8547-B46F1ED367C7}.debug_static_mt|Win32.Deploy.0 = debug_static_mt|Win32
		{CE453C7F-7805-3ECF-8547-B46F1ED367C7}.release_static_mt|Win32.ActiveCfg = release_static_mt|Win32
		{CE453C7F-7805-3ECF-8547-B46F1ED367C7}.release_static_mt|Win32.Build.0 = release_static_mt|Win32
		{CE453C7F-7805-3ECF-8547-B46F1ED367C7}.release_static_mt|Win32.Deploy.0 = release_static_mt|Win32
		{CE453C7F-7805-3ECF-8547-B46F1ED367C7}.debug_static_md|Win32.ActiveCfg = debug_static_md|Win32
		{CE453C7F-7805-3ECF-8547-B46F1ED367C7}.debug_static_md|Win32.Build.0 = debug_static_md|Win32
		{CE453C7F-7805-3ECF-8547-B46F1ED367C7}.debug_static_md|Win32.Deploy.0 = debug_static_md|Win32
		{CE453C7F-7805-3ECF-8547-B46F1ED367C7}.release_static_md|Win32.ActiveCfg = release_static_md|Win32
		{CE453C7F-7805-3ECF-8547-B46F1ED367C7}.release_static_md|Win32.Build.0 = release_static_md|Win32
		{CE453C7F-7805-3ECF-8547-B46F1ED367C7}.release_static_md|Win32.Deploy.0 = release_static_md|Win32
		{04D8B40F-EE7F-394A-BD3A-10FDEAFBD008}.debug_shared|Win32.ActiveCfg = debug_shared|Win32
		{04D8B40F-EE7F-394A-BD3A-10FDEAFBD008}.debug_shared|Win32.Build.0 = debug_shared|Win32
		{04D8B40F-EE7F-394A-BD3A-10FDEAFBD008}.debug_shared|Win32.Deploy.0 = debug_shared|Win32
		{04D8B40F-EE7F-394A-BD3A-10FDEAFBD008}.release_shared|Win32.ActiveCfg = release_shared|Win32
		{04D8B40F-EE7F-394A-BD3A-10FDEAFBD008}.release_shared|Win32.Build.0 = release_shared|Win32
		{04D8B40F-EE7F-394A-BD3A-10FDEAFBD008}.release_shared|Win32.Deploy.0 = release_shared|Win32
		{04D8B40F-EE7F-394A-BD3A-10FDEAFBD008}.debug_static_mt|Win32.ActiveCfg = debug_static_mt|Win32
		{04D8B40F-EE7F-394A-BD3A-10FDEAFBD008}.debug_static_mt|Win32.Build.0 = debug_static_mt|Win32
		{04D8B40F-EE7F-394A-BD3A-10FDEAFBD008}.debug_static_mt|Win32.Deploy.0 = debug_static_mt|Win32
		{04D8B40F-EE7F-394A-BD3A-10FDEAFBD008}.release_static_mt|Win32.ActiveCfg = release_static_mt|Win32
		{04D8B40F-EE7F-394A-BD3A-10FDEAFBD008}.release_static_mt|Win32.Build.0 = release_static_mt|Win32
		{04D8B40F-EE7F-394A-BD3A-10FDEAFBD008}.release_static_mt|Win32.Deploy.0 = release_static_mt|Win32
		{04D8B40F-EE7F-394A-BD3A-10FDEAFBD008}.debug_static_md|Win32.ActiveCfg = debug_static_md|Win32
		{04D8B40F-EE7F-394A-BD3A-10FDEAFBD008}.debug_static_md|Win32.Build.0 = debug_static_md|Win32
		{04D8B40F-EE7F-394A-BD3A-10FDEAFBD008}.debug_static_md|Win32.Deploy.0 = debug_static_md|Win32
		{04D8B40F-EE7F-394A-BD3A-10FDEAFBD008}.release_static_md|Win32.ActiveCfg = release_static_md|Win32
		{04D8B40F-EE7F-394A-BD3A-10FDEAFBD008}.release_static_md|Win32.Build.0 = release_static_md|Win32
		{04D8B40F-EE7F-394A-BD3A-10FDEAFBD008}.release_static_md|Win32.Deploy.0 = release_static_md|Win32
		{449DB589-97C0-3E2C-8A83-A1066905C310}.debug_shared|Win32.ActiveCfg = debug_shared|Win32
		{449DB589-97C0-3E2C-8A83-A1066905C310}.debug_shared|Win32.Build.0 = debug_shared|Win32
		{449DB589-97C0-3E2C-8A83-A1066905C310}.debug_shared|Win32.Deploy.0 = debug_shared|Win32
		{449DB589-97C0-3E2C-8A83-A1066905C310}.release_shared|Win32.ActiveCfg = release_shared|Win32
		{449DB589-97C0-3E2C-8A83-A1066905C310}.release_shared|Win32.Build.0 = release_shared|Win32
		{449DB589-97C0-3E2C-8A83-A1066905C310}.release_shared|Win32.Deploy.0 = release_shared|Win32
		{449DB589-97C0-3E2C-8A83-A1066905C310}.debug_static_mt|Win32.ActiveCfg = debug_static_mt|Win32
		{449DB589-97C0-3E2C-8A83-A1066905C310}.debug_static_mt|Win32.Build.0 = debug_static_mt|Win32
		{449DB589-97C0-3E2C-8A83-A1066905C310}.debug_static_mt|Win32.Deploy.0 = debug_static_mt|Win32
		{449DB589-97C0-3E2C-8A83-A1066905C310}.release_static_mt|Win32.ActiveCfg = release_static_mt|Win32
		{449DB589-97C0-3E2C-8A83-A1066905C310}.release_static_mt|Win32.Build.0 = release_static_mt|Win32
		{449DB589-97C0-3E2C-8A83-A1066905C310}.release_static_mt|Win32.Deploy.0 = release_static_mt|Win32
		{449DB589-97C0-3E2C-8A83-A1066905C310}.debug_static_md|Win32.ActiveCfg = debug_static_md|Win32
		{449DB589-97C0-3E2C-8A83-A1066905C310}.debug_static_md|Win32.Build.0 = debug_static_md|Win32
		{449DB589-97C0-3E2C-8A83-A1066905C310}.debug_static_md|Win32.Deploy.0 = debug_static_md|Win32
		{449DB589-97C0-3E2C-8A83-A1066905C310}.release_static_md|Win32.ActiveCfg = release_static_md|Win32
		{449DB589-97C0-3E2C-8A83-A1066905C310}.release_static_md|Win32.Build.0 = release_static_md|Win32
		{449DB589-97C0-3E2C-8A83-A1066905C310}.release_static_md|Win32.Deploy.0 = release_static_md|Win32
		{BDADC067-81DA-3307-8F0B-F636D281D79B}.debug_shared|Win32.ActiveCfg = debug_shared|Win32
		{BDADC067-81DA-3307-8F0B-F636D281D79B}.debug_shared|Win32.Build.0 = debug_shared|Win32
		{BDADC067-81DA-3307-8F0B-F636D281D79B}.debug_shared|Win32.Deploy.0 = debug_shared|Win32
		{BDADC067-81DA-3307-8F0B-F636D281D79B}.release_shared|Win32.ActiveCfg = release_shared|Win32
		{BDADC067-81DA-3307-8F0B-F636D281D79B}.release_shared|Win32.Build.0 = release_shared|Win32
		{BDADC067-81DA-3307-8F0B-F636D281D79B}.release_shared|Win32.Deploy.0 = release_shared|Win32
		{BDADC067-81DA-3307-8F0B-F636D281D79B}.debug_static_mt|Win32.ActiveCfg = debug_static_mt|Win32
		{BDADC067-81DA-3307-8F0B-F636D281D79B}.debug_static_mt|Win32.Build.0 = debug_static_mt|Win32
		{BDADC067-81DA-3307-8F0B-F636D281D79B}.debug_static_mt|Win32.Deploy.0 = debug_static_mt|Win32
		{BDADC067-81DA-3307-8F0B-F636D281D79B}.release_static_mt|Win32.ActiveCfg = release_static_mt|Win32
		{BDADC067-81DA-3307-8F0B-F636D281D79B}.release_static_mt|Win32.Build.0 = release_static_mt|Win32
		{BDADC067-81DA-3307-8F0B-F636D281D79B}.release_static_mt|Win32.Deploy.0 = release_static_mt|Win32
		{BDADC067-81DA-3307-8F0B-F636D281D79B}.debug_static_md|Win32.ActiveCfg = debug_static_md|Win32
		{BDADC067-81DA-3307-8F0B-F636D281D79B}.debug_static_md|Win32.Build.0 = debug_static_md|Win32
		{BDADC067-81DA-3307-8F0B-F636D281D79B}.debug_static_md|Win32.Deploy.0 = debug_static_md|Win32
		{BDADC067-81DA-3307-8F0B-F636D281D79B}.release_static_md|Win32.ActiveCfg = release_static_md|Win32
		{BDADC067-81DA-3307-8F0B-F636D281D79B}.release_static_md|Win32.Build.0 = release_static_md|Win32
		{BDADC067-81DA-3307-8F0B-F636D281D79B}.release_static_md|Win32.Deploy.0 = release_static_md|Win32
		{E478D00C-81B9-3651-88BC-E80DF2DD5F90}.debug_shared|Win32.ActiveCfg = debug_shared|Win32
		{E478D00C-81B9-3651-88BC-E80DF2DD5F90}.debug_shared|Win32.Build.0 = debug_shared|Win32
		{E478D00C-81B9-3651-88BC-E80DF2DD5F90}.debug_shared|Win32.Deploy.0 = debug_shared|Win32
		{E478D00C-81B9-3651-88BC-E80DF2DD5F90}.release_shared|Win32.ActiveCfg = release_shared|Win32
		{E478D00C-81B9-3651-88BC-E80DF2DD5F90}.release_shared|Win32.Build.0 = release_shared|Win32
		{E478D00C-81B9-3651-88BC-E80DF2DD5F90}.release_shared|Win32.Deploy.0 = release_shared|Win32
		{E478D00C-81B9-3651-88BC-E80DF2DD5F90}.debug_static_mt|Win32.ActiveCfg = debug_static_mt|Win32
		{E478D00C-81B9-3651-88BC-E80DF2DD5F90}.debug_static_mt|Win32.Build.0 = debug_static_mt|Win32
		{E478D00C-81B9-3651-88BC-E80DF2DD5F90}.debug_static_mt|Win32.Deploy.0 = debug_static_mt|Win32
		{E478D00C-81B9-3651-88BC-E80DF2DD5F90}.release_static_mt|Win32.ActiveCfg = release_static_mt|Win32
		{E478D00C-81B9-3651-88BC-E80DF2DD5F90}.release_static_mt|Win32.Build.0 = release_static_mt|Win32
		{E478D00C-81B9-3651-88BC-E80DF2DD5F90}.release_static_mt|Win32.Deploy.0 = release_static_mt|Win32
		{E478D00C-81B9-3651-88BC-E80DF2DD5F90}.debug_static_md|Win32.ActiveCfg = debug_static_md|Win32
		{E478D00C-81B9-3651-88BC-E80DF2DD5F90}.debug_static_md|Win32.Build.0 = debug_static_md|Win32
		{E478D00C-81B9-3651-88BC-E80DF2DD5F90}.debug_static_md|Win32.Deploy.0 = debug_static_md|Win32
		{E478D00C-81B9-3651-88BC-E80DF2DD5F90}.release_static_md|Win32.ActiveCfg = release_static_md|Win32
		{E478D00C-81B9-3651-88BC-E80DF2DD5F90}.release_static_md|Win32.Build.0 = release_static_md|Win32
		{E478D00C-81B9-3651-88BC-E80DF2DD5F90}.release_static_md|Win32.Deploy.0 = release_static_md|Win32
	EndGlobalSection
	GlobalSection(SolutionProperties) = preSolution
		HideSolutionNode = FALSE
	EndGlobalSection
EndGlobal
