<?xml version="1.0" encoding="utf-8"?>
<Project ToolsVersion="4.0" xmlns="http://schemas.microsoft.com/developer/msbuild/2003">
  <ItemGroup>
    <Filter Include="Configuration Files">
      <UniqueIdentifier>{fb19ea26-f5b2-4649-ab72-bf4cd7f79a92}</UniqueIdentifier>
    </Filter>
    <Filter Include="Source Files">
      <UniqueIdentifier>{80c41ef9-f53d-4c5f-b4f9-133b0c17762e}</UniqueIdentifier>
    </Filter>
    <Filter Include="Page Files">
      <UniqueIdentifier>{44493525-b4ac-4516-85cd-5d33217f0276}</UniqueIdentifier>
    </Filter>
    <Filter Include="Header Files">
      <UniqueIdentifier>{9805e0ea-7428-41d9-aa99-0b4706e371ba}</UniqueIdentifier>
    </Filter>
  </ItemGroup>
  <ItemGroup>
    <None Include="SimpleMediaServer.properties">
      <Filter>Configuration Files</Filter>
    </None>
    <None Include="src\IndexPage.cpsp">
      <Filter>Page Files</Filter>
    </None>
    <None Include="src\RootDeviceDescription.cpsp">
      <Filter>Page Files</Filter>
    </None>
  </ItemGroup>
  <ItemGroup>
    <ClCompile Include="src\ConnectionManager1.cpp">
      <Filter>Source Files</Filter>
    </ClCompile>
    <ClCompile Include="src\ConnectionManager1Impl.cpp">
      <Filter>Source Files</Filter>
    </ClCompile>
    <ClCompile Include="src\ContentDirectory1.cpp">
      <Filter>Source Files</Filter>
    </ClCompile>
    <ClCompile Include="src\ContentDirectory1Impl.cpp">
      <Filter>Source Files</Filter>
    </ClCompile>
    <ClCompile Include="src\IndexPage.cpp">
      <Filter>Source Files</Filter>
    </ClCompile>
    <ClCompile Include="src\RootDeviceDescription.cpp">
      <Filter>Source Files</Filter>
    </ClCompile>
    <ClCompile Include="src\SimpleMediaServer.cpp">
      <Filter>Source Files</Filter>
    </ClCompile>
  </ItemGroup>
  <ItemGroup>
    <ClInclude Include="src\ConnectionManager1.h">
      <Filter>Header Files</Filter>
    </ClInclude>
    <ClInclude Include="src\ConnectionManager1Impl.h">
      <Filter>Header Files</Filter>
    </ClInclude>
    <ClInclude Include="src\ContentDirectory1.h">
      <Filter>Header Files</Filter>
    </ClInclude>
    <ClInclude Include="src\ContentDirectory1Impl.h">
      <Filter>Header Files</Filter>
    </ClInclude>
    <ClInclude Include="src\IndexPage.h">
      <Filter>Header Files</Filter>
    </ClInclude>
    <ClInclude Include="src\RootDeviceDescription.h">
      <Filter>Header Files</Filter>
    </ClInclude>
  </ItemGroup>
</Project>