Microsoft Visual Studio Solution File, Format Version 12.00
# Visual Studio 2015
Project("{8BC9CEB8-8B4A-11D0-8D11-00A0C91BC942}") = "FIS2DOM", "FIS2DOM\FIS2DOM_vs140.vcxproj", "{B00D1D23-D5FD-32FB-8F18-237EF479D4CF}"
EndProject
Project("{8BC9CEB8-8B4A-11D0-8D11-00A0C91BC942}") = "FIS2XML", "FIS2XML\FIS2XML_vs140.vcxproj", "{CF50D020-79A8-3E58-8C1C-387B9223A1A9}"
EndProject
Project("{8BC9CEB8-8B4A-11D0-8D11-00A0C91BC942}") = "FISParser", "FISParser\FISParser_vs140.vcxproj", "{4A9226AF-1CC0-3576-8F95-05FFFB7FEF08}"
EndProject
Project("{8BC9CEB8-8B4A-11D0-8D11-00A0C91BC942}") = "FISWriter", "FISWriter\FISWriter_vs140.vcxproj", "{70C28B02-840B-3C17-BF27-055686074A9F}"
EndProject
Project("{8BC9CEB8-8B4A-11D0-8D11-00A0C91BC942}") = "XML2FIS", "XML2FIS\XML2FIS_vs140.vcxproj", "{FD372DA4-65DA-3F1F-8605-6F9BE75FC36E}"
EndProject
Global
	GlobalSection(SolutionConfigurationPlatforms) = preSolution
		debug_shared|Win32 = debug_shared|Win32
		release_shared|Win32 = release_shared|Win32
		debug_static_mt|Win32 = debug_static_mt|Win32
		release_static_mt|Win32 = release_static_mt|Win32
		debug_static_md|Win32 = debug_static_md|Win32
		release_static_md|Win32 = release_static_md|Win32
	EndGlobalSection
	GlobalSection(ProjectConfigurationPlatforms) = postSolution
		{B00D1D23-D5FD-32FB-8F18-237EF479D4CF}.debug_shared|Win32.ActiveCfg = debug_shared|Win32
		{B00D1D23-D5FD-32FB-8F18-237EF479D4CF}.debug_shared|Win32.Build.0 = debug_shared|Win32
		{B00D1D23-D5FD-32FB-8F18-237EF479D4CF}.debug_shared|Win32.Deploy.0 = debug_shared|Win32
		{B00D1D23-D5FD-32FB-8F18-237EF479D4CF}.release_shared|Win32.ActiveCfg = release_shared|Win32
		{B00D1D23-D5FD-32FB-8F18-237EF479D4CF}.release_shared|Win32.Build.0 = release_shared|Win32
		{B00D1D23-D5FD-32FB-8F18-237EF479D4CF}.release_shared|Win32.Deploy.0 = release_shared|Win32
		{B00D1D23-D5FD-32FB-8F18-237EF479D4CF}.debug_static_mt|Win32.ActiveCfg = debug_static_mt|Win32
		{B00D1D23-D5FD-32FB-8F18-237EF479D4CF}.debug_static_mt|Win32.Build.0 = debug_static_mt|Win32
		{B00D1D23-D5FD-32FB-8F18-237EF479D4CF}.debug_static_mt|Win32.Deploy.0 = debug_static_mt|Win32
		{B00D1D23-D5FD-32FB-8F18-237EF479D4CF}.release_static_mt|Win32.ActiveCfg = release_static_mt|Win32
		{B00D1D23-D5FD-32FB-8F18-237EF479D4CF}.release_static_mt|Win32.Build.0 = release_static_mt|Win32
		{B00D1D23-D5FD-32FB-8F18-237EF479D4CF}.release_static_mt|Win32.Deploy.0 = release_static_mt|Win32
		{B00D1D23-D5FD-32FB-8F18-237EF479D4CF}.debug_static_md|Win32.ActiveCfg = debug_static_md|Win32
		{B00D1D23-D5FD-32FB-8F18-237EF479D4CF}.debug_static_md|Win32.Build.0 = debug_static_md|Win32
		{B00D1D23-D5FD-32FB-8F18-237EF479D4CF}.debug_static_md|Win32.Deploy.0 = debug_static_md|Win32
		{B00D1D23-D5FD-32FB-8F18-237EF479D4CF}.release_static_md|Win32.ActiveCfg = release_static_md|Win32
		{B00D1D23-D5FD-32FB-8F18-237EF479D4CF}.release_static_md|Win32.Build.0 = release_static_md|Win32
		{B00D1D23-D5FD-32FB-8F18-237EF479D4CF}.release_static_md|Win32.Deploy.0 = release_static_md|Win32
		{CF50D020-79A8-3E58-8C1C-387B9223A1A9}.debug_shared|Win32.ActiveCfg = debug_shared|Win32
		{CF50D020-79A8-3E58-8C1C-387B9223A1A9}.debug_shared|Win32.Build.0 = debug_shared|Win32
		{CF50D020-79A8-3E58-8C1C-387B9223A1A9}.debug_shared|Win32.Deploy.0 = debug_shared|Win32
		{CF50D020-79A8-3E58-8C1C-387B9223A1A9}.release_shared|Win32.ActiveCfg = release_shared|Win32
		{CF50D020-79A8-3E58-8C1C-387B9223A1A9}.release_shared|Win32.Build.0 = release_shared|Win32
		{CF50D020-79A8-3E58-8C1C-387B9223A1A9}.release_shared|Win32.Deploy.0 = release_shared|Win32
		{CF50D020-79A8-3E58-8C1C-387B9223A1A9}.debug_static_mt|Win32.ActiveCfg = debug_static_mt|Win32
		{CF50D020-79A8-3E58-8C1C-387B9223A1A9}.debug_static_mt|Win32.Build.0 = debug_static_mt|Win32
		{CF50D020-79A8-3E58-8C1C-387B9223A1A9}.debug_static_mt|Win32.Deploy.0 = debug_static_mt|Win32
		{CF50D020-79A8-3E58-8C1C-387B9223A1A9}.release_static_mt|Win32.ActiveCfg = release_static_mt|Win32
		{CF50D020-79A8-3E58-8C1C-387B9223A1A9}.release_static_mt|Win32.Build.0 = release_static_mt|Win32
		{CF50D020-79A8-3E58-8C1C-387B9223A1A9}.release_static_mt|Win32.Deploy.0 = release_static_mt|Win32
		{CF50D020-79A8-3E58-8C1C-387B9223A1A9}.debug_static_md|Win32.ActiveCfg = debug_static_md|Win32
		{CF50D020-79A8-3E58-8C1C-387B9223A1A9}.debug_static_md|Win32.Build.0 = debug_static_md|Win32
		{CF50D020-79A8-3E58-8C1C-387B9223A1A9}.debug_static_md|Win32.Deploy.0 = debug_static_md|Win32
		{CF50D020-79A8-3E58-8C1C-387B9223A1A9}.release_static_md|Win32.ActiveCfg = release_static_md|Win32
		{CF50D020-79A8-3E58-8C1C-387B9223A1A9}.release_static_md|Win32.Build.0 = release_static_md|Win32
		{CF50D020-79A8-3E58-8C1C-387B9223A1A9}.release_static_md|Win32.Deploy.0 = release_static_md|Win32
		{4A9226AF-1CC0-3576-8F95-05FFFB7FEF08}.debug_shared|Win32.ActiveCfg = debug_shared|Win32
		{4A9226AF-1CC0-3576-8F95-05FFFB7FEF08}.debug_shared|Win32.Build.0 = debug_shared|Win32
		{4A9226AF-1CC0-3576-8F95-05FFFB7FEF08}.debug_shared|Win32.Deploy.0 = debug_shared|Win32
		{4A9226AF-1CC0-3576-8F95-05FFFB7FEF08}.release_shared|Win32.ActiveCfg = release_shared|Win32
		{4A9226AF-1CC0-3576-8F95-05FFFB7FEF08}.release_shared|Win32.Build.0 = release_shared|Win32
		{4A9226AF-1CC0-3576-8F95-05FFFB7FEF08}.release_shared|Win32.Deploy.0 = release_shared|Win32
		{4A9226AF-1CC0-3576-8F95-05FFFB7FEF08}.debug_static_mt|Win32.ActiveCfg = debug_static_mt|Win32
		{4A9226AF-1CC0-3576-8F95-05FFFB7FEF08}.debug_static_mt|Win32.Build.0 = debug_static_mt|Win32
		{4A9226AF-1CC0-3576-8F95-05FFFB7FEF08}.debug_static_mt|Win32.Deploy.0 = debug_static_mt|Win32
		{4A9226AF-1CC0-3576-8F95-05FFFB7FEF08}.release_static_mt|Win32.ActiveCfg = release_static_mt|Win32
		{4A9226AF-1CC0-3576-8F95-05FFFB7FEF08}.release_static_mt|Win32.Build.0 = release_static_mt|Win32
		{4A9226AF-1CC0-3576-8F95-05FFFB7FEF08}.release_static_mt|Win32.Deploy.0 = release_static_mt|Win32
		{4A9226AF-1CC0-3576-8F95-05FFFB7FEF08}.debug_static_md|Win32.ActiveCfg = debug_static_md|Win32
		{4A9226AF-1CC0-3576-8F95-05FFFB7FEF08}.debug_static_md|Win32.Build.0 = debug_static_md|Win32
		{4A9226AF-1CC0-3576-8F95-05FFFB7FEF08}.debug_static_md|Win32.Deploy.0 = debug_static_md|Win32
		{4A9226AF-1CC0-3576-8F95-05FFFB7FEF08}.release_static_md|Win32.ActiveCfg = release_static_md|Win32
		{4A9226AF-1CC0-3576-8F95-05FFFB7FEF08}.release_static_md|Win32.Build.0 = release_static_md|Win32
		{4A9226AF-1CC0-3576-8F95-05FFFB7FEF08}.release_static_md|Win32.Deploy.0 = release_static_md|Win32
		{70C28B02-840B-3C17-BF27-055686074A9F}.debug_shared|Win32.ActiveCfg = debug_shared|Win32
		{70C28B02-840B-3C17-BF27-055686074A9F}.debug_shared|Win32.Build.0 = debug_shared|Win32
		{70C28B02-840B-3C17-BF27-055686074A9F}.debug_shared|Win32.Deploy.0 = debug_shared|Win32
		{70C28B02-840B-3C17-BF27-055686074A9F}.release_shared|Win32.ActiveCfg = release_shared|Win32
		{70C28B02-840B-3C17-BF27-055686074A9F}.release_shared|Win32.Build.0 = release_shared|Win32
		{70C28B02-840B-3C17-BF27-055686074A9F}.release_shared|Win32.Deploy.0 = release_shared|Win32
		{70C28B02-840B-3C17-BF27-055686074A9F}.debug_static_mt|Win32.ActiveCfg = debug_static_mt|Win32
		{70C28B02-840B-3C17-BF27-055686074A9F}.debug_static_mt|Win32.Build.0 = debug_static_mt|Win32
		{70C28B02-840B-3C17-BF27-055686074A9F}.debug_static_mt|Win32.Deploy.0 = debug_static_mt|Win32
		{70C28B02-840B-3C17-BF27-055686074A9F}.release_static_mt|Win32.ActiveCfg = release_static_mt|Win32
		{70C28B02-840B-3C17-BF27-055686074A9F}.release_static_mt|Win32.Build.0 = release_static_mt|Win32
		{70C28B02-840B-3C17-BF27-055686074A9F}.release_static_mt|Win32.Deploy.0 = release_static_mt|Win32
		{70C28B02-840B-3C17-BF27-055686074A9F}.debug_static_md|Win32.ActiveCfg = debug_static_md|Win32
		{70C28B02-840B-3C17-BF27-055686074A9F}.debug_static_md|Win32.Build.0 = debug_static_md|Win32
		{70C28B02-840B-3C17-BF27-055686074A9F}.debug_static_md|Win32.Deploy.0 = debug_static_md|Win32
		{70C28B02-840B-3C17-BF27-055686074A9F}.release_static_md|Win32.ActiveCfg = release_static_md|Win32
		{70C28B02-840B-3C17-BF27-055686074A9F}.release_static_md|Win32.Build.0 = release_static_md|Win32
		{70C28B02-840B-3C17-BF27-055686074A9F}.release_static_md|Win32.Deploy.0 = release_static_md|Win32
		{FD372DA4-65DA-3F1F-8605-6F9BE75FC36E}.debug_shared|Win32.ActiveCfg = debug_shared|Win32
		{FD372DA4-65DA-3F1F-8605-6F9BE75FC36E}.debug_shared|Win32.Build.0 = debug_shared|Win32
		{FD372DA4-65DA-3F1F-8605-6F9BE75FC36E}.debug_shared|Win32.Deploy.0 = debug_shared|Win32
		{FD372DA4-65DA-3F1F-8605-6F9BE75FC36E}.release_shared|Win32.ActiveCfg = release_shared|Win32
		{FD372DA4-65DA-3F1F-8605-6F9BE75FC36E}.release_shared|Win32.Build.0 = release_shared|Win32
		{FD372DA4-65DA-3F1F-8605-6F9BE75FC36E}.release_shared|Win32.Deploy.0 = release_shared|Win32
		{FD372DA4-65DA-3F1F-8605-6F9BE75FC36E}.debug_static_mt|Win32.ActiveCfg = debug_static_mt|Win32
		{FD372DA4-65DA-3F1F-8605-6F9BE75FC36E}.debug_static_mt|Win32.Build.0 = debug_static_mt|Win32
		{FD372DA4-65DA-3F1F-8605-6F9BE75FC36E}.debug_static_mt|Win32.Deploy.0 = debug_static_mt|Win32
		{FD372DA4-65DA-3F1F-8605-6F9BE75FC36E}.release_static_mt|Win32.ActiveCfg = release_static_mt|Win32
		{FD372DA4-65DA-3F1F-8605-6F9BE75FC36E}.release_static_mt|Win32.Build.0 = release_static_mt|Win32
		{FD372DA4-65DA-3F1F-8605-6F9BE75FC36E}.release_static_mt|Win32.Deploy.0 = release_static_mt|Win32
		{FD372DA4-65DA-3F1F-8605-6F9BE75FC36E}.debug_static_md|Win32.ActiveCfg = debug_static_md|Win32
		{FD372DA4-65DA-3F1F-8605-6F9BE75FC36E}.debug_static_md|Win32.Build.0 = debug_static_md|Win32
		{FD372DA4-65DA-3F1F-8605-6F9BE75FC36E}.debug_static_md|Win32.Deploy.0 = debug_static_md|Win32
		{FD372DA4-65DA-3F1F-8605-6F9BE75FC36E}.release_static_md|Win32.ActiveCfg = release_static_md|Win32
		{FD372DA4-65DA-3F1F-8605-6F9BE75FC36E}.release_static_md|Win32.Build.0 = release_static_md|Win32
		{FD372DA4-65DA-3F1F-8605-6F9BE75FC36E}.release_static_md|Win32.Deploy.0 = release_static_md|Win32
	EndGlobalSection
	GlobalSection(SolutionProperties) = preSolution
		HideSolutionNode = FALSE
	EndGlobalSection
EndGlobal
