Microsoft Visual Studio Solution File, Format Version 12.00
# Visual Studio 2015
Project("{8BC9CEB8-8B4A-11D0-8D11-00A0C91BC942}") = "CheckVat", "CheckVat\CheckVat_vs140.vcxproj", "{39C986ED-E618-34D7-96C7-EA09AE7B738B}"
EndProject
Project("{8BC9CEB8-8B4A-11D0-8D11-00A0C91BC942}") = "ConvertTemperature", "ConvertTemperature\ConvertTemperature_vs140.vcxproj", "{8AE8D242-CCBF-3EEE-80DC-800A616320F6}"
EndProject
Project("{8BC9CEB8-8B4A-11D0-8D11-00A0C91BC942}") = "Weather", "Weather\Weather_vs140.vcxproj", "{46AA7DED-F223-3F87-B1C7-AE27D1DD0A15}"
EndProject
Project("{8BC9CEB8-8B4A-11D0-8D11-00A0C91BC942}") = "TimeServer", "TimeServer\TimeServer_vs140.vcxproj", "{59EDFD20-9968-30F7-9532-44C08DA58C6E}"
EndProject
Project("{8BC9CEB8-8B4A-11D0-8D11-00A0C91BC942}") = "TimeClient", "TimeClient\TimeClient_vs140.vcxproj", "{DC27D010-0DED-3C1E-A894-858B07C3D1A9}"
EndProject
Project("{8BC9CEB8-8B4A-11D0-8D11-00A0C91BC942}") = "Pizzeria", "Pizzeria\Pizzeria_vs140.vcxproj", "{9E36B628-32CB-3FBA-ABCE-C81B1D56F9CB}"
EndProject
Project("{8BC9CEB8-8B4A-11D0-8D11-00A0C91BC942}") = "PizzeriaClient", "PizzeriaClient\PizzeriaClient_vs140.vcxproj", "{0353A172-A20D-3474-B36C-C52FAFA2A561}"
EndProject
Project("{8BC9CEB8-8B4A-11D0-8D11-00A0C91BC942}") = "PizzeriaClientWS", "PizzeriaClientWS\PizzeriaClientWS_vs140.vcxproj", "{FB9EC18E-B359-314A-9226-E1D79C0E1B9A}"
EndProject
Project("{8BC9CEB8-8B4A-11D0-8D11-00A0C91BC942}") = "TimeServerTCP", "TimeServerTCP\TimeServerTCP_vs140.vcxproj", "{2F6773AE-C1D7-396A-BBDE-B32482C3915E}"
EndProject
Project("{8BC9CEB8-8B4A-11D0-8D11-00A0C91BC942}") = "TimeClientTCP", "TimeClientTCP\TimeClientTCP_vs140.vcxproj", "{A95B8267-89D9-32CD-BCD7-7F231A94404F}"
EndProject
Project("{8BC9CEB8-8B4A-11D0-8D11-00A0C91BC942}") = "PizzeriaREST", "PizzeriaREST\PizzeriaREST_vs140.vcxproj", "{D5E30E53-0AD0-39BC-A840-8F353418B997}"
EndProject
Project("{8BC9CEB8-8B4A-11D0-8D11-00A0C91BC942}") = "PizzeriaClientREST", "PizzeriaClientREST\PizzeriaClientREST_vs140.vcxproj", "{CA56F4AB-9F41-3B97-9467-F8251BBECDEF}"
EndProject
Project("{8BC9CEB8-8B4A-11D0-8D11-00A0C91BC942}") = "TwilioSMS", "TwilioSMS\TwilioSMS_vs140.vcxproj", "{0DC1E581-1B17-3FFC-A938-22E0609A8AD2}"
EndProject
Global
	GlobalSection(SolutionConfigurationPlatforms) = preSolution
		debug_shared|Win32 = debug_shared|Win32
		release_shared|Win32 = release_shared|Win32
		debug_static_mt|Win32 = debug_static_mt|Win32
		release_static_mt|Win32 = release_static_mt|Win32
		debug_static_md|Win32 = debug_static_md|Win32
		release_static_md|Win32 = release_static_md|Win32
	EndGlobalSection
	GlobalSection(ProjectConfigurationPlatforms) = postSolution
		{39C986ED-E618-34D7-96C7-EA09AE7B738B}.debug_shared|Win32.ActiveCfg = debug_shared|Win32
		{39C986ED-E618-34D7-96C7-EA09AE7B738B}.debug_shared|Win32.Build.0 = debug_shared|Win32
		{39C986ED-E618-34D7-96C7-EA09AE7B738B}.debug_shared|Win32.Deploy.0 = debug_shared|Win32
		{39C986ED-E618-34D7-96C7-EA09AE7B738B}.release_shared|Win32.ActiveCfg = release_shared|Win32
		{39C986ED-E618-34D7-96C7-EA09AE7B738B}.release_shared|Win32.Build.0 = release_shared|Win32
		{39C986ED-E618-34D7-96C7-EA09AE7B738B}.release_shared|Win32.Deploy.0 = release_shared|Win32
		{39C986ED-E618-34D7-96C7-EA09AE7B738B}.debug_static_mt|Win32.ActiveCfg = debug_static_mt|Win32
		{39C986ED-E618-34D7-96C7-EA09AE7B738B}.debug_static_mt|Win32.Build.0 = debug_static_mt|Win32
		{39C986ED-E618-34D7-96C7-EA09AE7B738B}.debug_static_mt|Win32.Deploy.0 = debug_static_mt|Win32
		{39C986ED-E618-34D7-96C7-EA09AE7B738B}.release_static_mt|Win32.ActiveCfg = release_static_mt|Win32
		{39C986ED-E618-34D7-96C7-EA09AE7B738B}.release_static_mt|Win32.Build.0 = release_static_mt|Win32
		{39C986ED-E618-34D7-96C7-EA09AE7B738B}.release_static_mt|Win32.Deploy.0 = release_static_mt|Win32
		{39C986ED-E618-34D7-96C7-EA09AE7B738B}.debug_static_md|Win32.ActiveCfg = debug_static_md|Win32
		{39C986ED-E618-34D7-96C7-EA09AE7B738B}.debug_static_md|Win32.Build.0 = debug_static_md|Win32
		{39C986ED-E618-34D7-96C7-EA09AE7B738B}.debug_static_md|Win32.Deploy.0 = debug_static_md|Win32
		{39C986ED-E618-34D7-96C7-EA09AE7B738B}.release_static_md|Win32.ActiveCfg = release_static_md|Win32
		{39C986ED-E618-34D7-96C7-EA09AE7B738B}.release_static_md|Win32.Build.0 = release_static_md|Win32
		{39C986ED-E618-34D7-96C7-EA09AE7B738B}.release_static_md|Win32.Deploy.0 = release_static_md|Win32
		{8AE8D242-CCBF-3EEE-80DC-800A616320F6}.debug_shared|Win32.ActiveCfg = debug_shared|Win32
		{8AE8D242-CCBF-3EEE-80DC-800A616320F6}.debug_shared|Win32.Build.0 = debug_shared|Win32
		{8AE8D242-CCBF-3EEE-80DC-800A616320F6}.debug_shared|Win32.Deploy.0 = debug_shared|Win32
		{8AE8D242-CCBF-3EEE-80DC-800A616320F6}.release_shared|Win32.ActiveCfg = release_shared|Win32
		{8AE8D242-CCBF-3EEE-80DC-800A616320F6}.release_shared|Win32.Build.0 = release_shared|Win32
		{8AE8D242-CCBF-3EEE-80DC-800A616320F6}.release_shared|Win32.Deploy.0 = release_shared|Win32
		{8AE8D242-CCBF-3EEE-80DC-800A616320F6}.debug_static_mt|Win32.ActiveCfg = debug_static_mt|Win32
		{8AE8D242-CCBF-3EEE-80DC-800A616320F6}.debug_static_mt|Win32.Build.0 = debug_static_mt|Win32
		{8AE8D242-CCBF-3EEE-80DC-800A616320F6}.debug_static_mt|Win32.Deploy.0 = debug_static_mt|Win32
		{8AE8D242-CCBF-3EEE-80DC-800A616320F6}.release_static_mt|Win32.ActiveCfg = release_static_mt|Win32
		{8AE8D242-CCBF-3EEE-80DC-800A616320F6}.release_static_mt|Win32.Build.0 = release_static_mt|Win32
		{8AE8D242-CCBF-3EEE-80DC-800A616320F6}.release_static_mt|Win32.Deploy.0 = release_static_mt|Win32
		{8AE8D242-CCBF-3EEE-80DC-800A616320F6}.debug_static_md|Win32.ActiveCfg = debug_static_md|Win32
		{8AE8D242-CCBF-3EEE-80DC-800A616320F6}.debug_static_md|Win32.Build.0 = debug_static_md|Win32
		{8AE8D242-CCBF-3EEE-80DC-800A616320F6}.debug_static_md|Win32.Deploy.0 = debug_static_md|Win32
		{8AE8D242-CCBF-3EEE-80DC-800A616320F6}.release_static_md|Win32.ActiveCfg = release_static_md|Win32
		{8AE8D242-CCBF-3EEE-80DC-800A616320F6}.release_static_md|Win32.Build.0 = release_static_md|Win32
		{8AE8D242-CCBF-3EEE-80DC-800A616320F6}.release_static_md|Win32.Deploy.0 = release_static_md|Win32
		{46AA7DED-F223-3F87-B1C7-AE27D1DD0A15}.debug_shared|Win32.ActiveCfg = debug_shared|Win32
		{46AA7DED-F223-3F87-B1C7-AE27D1DD0A15}.debug_shared|Win32.Build.0 = debug_shared|Win32
		{46AA7DED-F223-3F87-B1C7-AE27D1DD0A15}.debug_shared|Win32.Deploy.0 = debug_shared|Win32
		{46AA7DED-F223-3F87-B1C7-AE27D1DD0A15}.release_shared|Win32.ActiveCfg = release_shared|Win32
		{46AA7DED-F223-3F87-B1C7-AE27D1DD0A15}.release_shared|Win32.Build.0 = release_shared|Win32
		{46AA7DED-F223-3F87-B1C7-AE27D1DD0A15}.release_shared|Win32.Deploy.0 = release_shared|Win32
		{46AA7DED-F223-3F87-B1C7-AE27D1DD0A15}.debug_static_mt|Win32.ActiveCfg = debug_static_mt|Win32
		{46AA7DED-F223-3F87-B1C7-AE27D1DD0A15}.debug_static_mt|Win32.Build.0 = debug_static_mt|Win32
		{46AA7DED-F223-3F87-B1C7-AE27D1DD0A15}.debug_static_mt|Win32.Deploy.0 = debug_static_mt|Win32
		{46AA7DED-F223-3F87-B1C7-AE27D1DD0A15}.release_static_mt|Win32.ActiveCfg = release_static_mt|Win32
		{46AA7DED-F223-3F87-B1C7-AE27D1DD0A15}.release_static_mt|Win32.Build.0 = release_static_mt|Win32
		{46AA7DED-F223-3F87-B1C7-AE27D1DD0A15}.release_static_mt|Win32.Deploy.0 = release_static_mt|Win32
		{46AA7DED-F223-3F87-B1C7-AE27D1DD0A15}.debug_static_md|Win32.ActiveCfg = debug_static_md|Win32
		{46AA7DED-F223-3F87-B1C7-AE27D1DD0A15}.debug_static_md|Win32.Build.0 = debug_static_md|Win32
		{46AA7DED-F223-3F87-B1C7-AE27D1DD0A15}.debug_static_md|Win32.Deploy.0 = debug_static_md|Win32
		{46AA7DED-F223-3F87-B1C7-AE27D1DD0A15}.release_static_md|Win32.ActiveCfg = release_static_md|Win32
		{46AA7DED-F223-3F87-B1C7-AE27D1DD0A15}.release_static_md|Win32.Build.0 = release_static_md|Win32
		{46AA7DED-F223-3F87-B1C7-AE27D1DD0A15}.release_static_md|Win32.Deploy.0 = release_static_md|Win32
		{59EDFD20-9968-30F7-9532-44C08DA58C6E}.debug_shared|Win32.ActiveCfg = debug_shared|Win32
		{59EDFD20-9968-30F7-9532-44C08DA58C6E}.debug_shared|Win32.Build.0 = debug_shared|Win32
		{59EDFD20-9968-30F7-9532-44C08DA58C6E}.debug_shared|Win32.Deploy.0 = debug_shared|Win32
		{59EDFD20-9968-30F7-9532-44C08DA58C6E}.release_shared|Win32.ActiveCfg = release_shared|Win32
		{59EDFD20-9968-30F7-9532-44C08DA58C6E}.release_shared|Win32.Build.0 = release_shared|Win32
		{59EDFD20-9968-30F7-9532-44C08DA58C6E}.release_shared|Win32.Deploy.0 = release_shared|Win32
		{59EDFD20-9968-30F7-9532-44C08DA58C6E}.debug_static_mt|Win32.ActiveCfg = debug_static_mt|Win32
		{59EDFD20-9968-30F7-9532-44C08DA58C6E}.debug_static_mt|Win32.Build.0 = debug_static_mt|Win32
		{59EDFD20-9968-30F7-9532-44C08DA58C6E}.debug_static_mt|Win32.Deploy.0 = debug_static_mt|Win32
		{59EDFD20-9968-30F7-9532-44C08DA58C6E}.release_static_mt|Win32.ActiveCfg = release_static_mt|Win32
		{59EDFD20-9968-30F7-9532-44C08DA58C6E}.release_static_mt|Win32.Build.0 = release_static_mt|Win32
		{59EDFD20-9968-30F7-9532-44C08DA58C6E}.release_static_mt|Win32.Deploy.0 = release_static_mt|Win32
		{59EDFD20-9968-30F7-9532-44C08DA58C6E}.debug_static_md|Win32.ActiveCfg = debug_static_md|Win32
		{59EDFD20-9968-30F7-9532-44C08DA58C6E}.debug_static_md|Win32.Build.0 = debug_static_md|Win32
		{59EDFD20-9968-30F7-9532-44C08DA58C6E}.debug_static_md|Win32.Deploy.0 = debug_static_md|Win32
		{59EDFD20-9968-30F7-9532-44C08DA58C6E}.release_static_md|Win32.ActiveCfg = release_static_md|Win32
		{59EDFD20-9968-30F7-9532-44C08DA58C6E}.release_static_md|Win32.Build.0 = release_static_md|Win32
		{59EDFD20-9968-30F7-9532-44C08DA58C6E}.release_static_md|Win32.Deploy.0 = release_static_md|Win32
		{DC27D010-0DED-3C1E-A894-858B07C3D1A9}.debug_shared|Win32.ActiveCfg = debug_shared|Win32
		{DC27D010-0DED-3C1E-A894-858B07C3D1A9}.debug_shared|Win32.Build.0 = debug_shared|Win32
		{DC27D010-0DED-3C1E-A894-858B07C3D1A9}.debug_shared|Win32.Deploy.0 = debug_shared|Win32
		{DC27D010-0DED-3C1E-A894-858B07C3D1A9}.release_shared|Win32.ActiveCfg = release_shared|Win32
		{DC27D010-0DED-3C1E-A894-858B07C3D1A9}.release_shared|Win32.Build.0 = release_shared|Win32
		{DC27D010-0DED-3C1E-A894-858B07C3D1A9}.release_shared|Win32.Deploy.0 = release_shared|Win32
		{DC27D010-0DED-3C1E-A894-858B07C3D1A9}.debug_static_mt|Win32.ActiveCfg = debug_static_mt|Win32
		{DC27D010-0DED-3C1E-A894-858B07C3D1A9}.debug_static_mt|Win32.Build.0 = debug_static_mt|Win32
		{DC27D010-0DED-3C1E-A894-858B07C3D1A9}.debug_static_mt|Win32.Deploy.0 = debug_static_mt|Win32
		{DC27D010-0DED-3C1E-A894-858B07C3D1A9}.release_static_mt|Win32.ActiveCfg = release_static_mt|Win32
		{DC27D010-0DED-3C1E-A894-858B07C3D1A9}.release_static_mt|Win32.Build.0 = release_static_mt|Win32
		{DC27D010-0DED-3C1E-A894-858B07C3D1A9}.release_static_mt|Win32.Deploy.0 = release_static_mt|Win32
		{DC27D010-0DED-3C1E-A894-858B07C3D1A9}.debug_static_md|Win32.ActiveCfg = debug_static_md|Win32
		{DC27D010-0DED-3C1E-A894-858B07C3D1A9}.debug_static_md|Win32.Build.0 = debug_static_md|Win32
		{DC27D010-0DED-3C1E-A894-858B07C3D1A9}.debug_static_md|Win32.Deploy.0 = debug_static_md|Win32
		{DC27D010-0DED-3C1E-A894-858B07C3D1A9}.release_static_md|Win32.ActiveCfg = release_static_md|Win32
		{DC27D010-0DED-3C1E-A894-858B07C3D1A9}.release_static_md|Win32.Build.0 = release_static_md|Win32
		{DC27D010-0DED-3C1E-A894-858B07C3D1A9}.release_static_md|Win32.Deploy.0 = release_static_md|Win32
		{9E36B628-32CB-3FBA-ABCE-C81B1D56F9CB}.debug_shared|Win32.ActiveCfg = debug_shared|Win32
		{9E36B628-32CB-3FBA-ABCE-C81B1D56F9CB}.debug_shared|Win32.Build.0 = debug_shared|Win32
		{9E36B628-32CB-3FBA-ABCE-C81B1D56F9CB}.debug_shared|Win32.Deploy.0 = debug_shared|Win32
		{9E36B628-32CB-3FBA-ABCE-C81B1D56F9CB}.release_shared|Win32.ActiveCfg = release_shared|Win32
		{9E36B628-32CB-3FBA-ABCE-C81B1D56F9CB}.release_shared|Win32.Build.0 = release_shared|Win32
		{9E36B628-32CB-3FBA-ABCE-C81B1D56F9CB}.release_shared|Win32.Deploy.0 = release_shared|Win32
		{9E36B628-32CB-3FBA-ABCE-C81B1D56F9CB}.debug_static_mt|Win32.ActiveCfg = debug_static_mt|Win32
		{9E36B628-32CB-3FBA-ABCE-C81B1D56F9CB}.debug_static_mt|Win32.Build.0 = debug_static_mt|Win32
		{9E36B628-32CB-3FBA-ABCE-C81B1D56F9CB}.debug_static_mt|Win32.Deploy.0 = debug_static_mt|Win32
		{9E36B628-32CB-3FBA-ABCE-C81B1D56F9CB}.release_static_mt|Win32.ActiveCfg = release_static_mt|Win32
		{9E36B628-32CB-3FBA-ABCE-C81B1D56F9CB}.release_static_mt|Win32.Build.0 = release_static_mt|Win32
		{9E36B628-32CB-3FBA-ABCE-C81B1D56F9CB}.release_static_mt|Win32.Deploy.0 = release_static_mt|Win32
		{9E36B628-32CB-3FBA-ABCE-C81B1D56F9CB}.debug_static_md|Win32.ActiveCfg = debug_static_md|Win32
		{9E36B628-32CB-3FBA-ABCE-C81B1D56F9CB}.debug_static_md|Win32.Build.0 = debug_static_md|Win32
		{9E36B628-32CB-3FBA-ABCE-C81B1D56F9CB}.debug_static_md|Win32.Deploy.0 = debug_static_md|Win32
		{9E36B628-32CB-3FBA-ABCE-C81B1D56F9CB}.release_static_md|Win32.ActiveCfg = release_static_md|Win32
		{9E36B628-32CB-3FBA-ABCE-C81B1D56F9CB}.release_static_md|Win32.Build.0 = release_static_md|Win32
		{9E36B628-32CB-3FBA-ABCE-C81B1D56F9CB}.release_static_md|Win32.Deploy.0 = release_static_md|Win32
		{0353A172-A20D-3474-B36C-C52FAFA2A561}.debug_shared|Win32.ActiveCfg = debug_shared|Win32
		{0353A172-A20D-3474-B36C-C52FAFA2A561}.debug_shared|Win32.Build.0 = debug_shared|Win32
		{0353A172-A20D-3474-B36C-C52FAFA2A561}.debug_shared|Win32.Deploy.0 = debug_shared|Win32
		{0353A172-A20D-3474-B36C-C52FAFA2A561}.release_shared|Win32.ActiveCfg = release_shared|Win32
		{0353A172-A20D-3474-B36C-C52FAFA2A561}.release_shared|Win32.Build.0 = release_shared|Win32
		{0353A172-A20D-3474-B36C-C52FAFA2A561}.release_shared|Win32.Deploy.0 = release_shared|Win32
		{0353A172-A20D-3474-B36C-C52FAFA2A561}.debug_static_mt|Win32.ActiveCfg = debug_static_mt|Win32
		{0353A172-A20D-3474-B36C-C52FAFA2A561}.debug_static_mt|Win32.Build.0 = debug_static_mt|Win32
		{0353A172-A20D-3474-B36C-C52FAFA2A561}.debug_static_mt|Win32.Deploy.0 = debug_static_mt|Win32
		{0353A172-A20D-3474-B36C-C52FAFA2A561}.release_static_mt|Win32.ActiveCfg = release_static_mt|Win32
		{0353A172-A20D-3474-B36C-C52FAFA2A561}.release_static_mt|Win32.Build.0 = release_static_mt|Win32
		{0353A172-A20D-3474-B36C-C52FAFA2A561}.release_static_mt|Win32.Deploy.0 = release_static_mt|Win32
		{0353A172-A20D-3474-B36C-C52FAFA2A561}.debug_static_md|Win32.ActiveCfg = debug_static_md|Win32
		{0353A172-A20D-3474-B36C-C52FAFA2A561}.debug_static_md|Win32.Build.0 = debug_static_md|Win32
		{0353A172-A20D-3474-B36C-C52FAFA2A561}.debug_static_md|Win32.Deploy.0 = debug_static_md|Win32
		{0353A172-A20D-3474-B36C-C52FAFA2A561}.release_static_md|Win32.ActiveCfg = release_static_md|Win32
		{0353A172-A20D-3474-B36C-C52FAFA2A561}.release_static_md|Win32.Build.0 = release_static_md|Win32
		{0353A172-A20D-3474-B36C-C52FAFA2A561}.release_static_md|Win32.Deploy.0 = release_static_md|Win32
		{FB9EC18E-B359-314A-9226-E1D79C0E1B9A}.debug_shared|Win32.ActiveCfg = debug_shared|Win32
		{FB9EC18E-B359-314A-9226-E1D79C0E1B9A}.debug_shared|Win32.Build.0 = debug_shared|Win32
		{FB9EC18E-B359-314A-9226-E1D79C0E1B9A}.debug_shared|Win32.Deploy.0 = debug_shared|Win32
		{FB9EC18E-B359-314A-9226-E1D79C0E1B9A}.release_shared|Win32.ActiveCfg = release_shared|Win32
		{FB9EC18E-B359-314A-9226-E1D79C0E1B9A}.release_shared|Win32.Build.0 = release_shared|Win32
		{FB9EC18E-B359-314A-9226-E1D79C0E1B9A}.release_shared|Win32.Deploy.0 = release_shared|Win32
		{FB9EC18E-B359-314A-9226-E1D79C0E1B9A}.debug_static_mt|Win32.ActiveCfg = debug_static_mt|Win32
		{FB9EC18E-B359-314A-9226-E1D79C0E1B9A}.debug_static_mt|Win32.Build.0 = debug_static_mt|Win32
		{FB9EC18E-B359-314A-9226-E1D79C0E1B9A}.debug_static_mt|Win32.Deploy.0 = debug_static_mt|Win32
		{FB9EC18E-B359-314A-9226-E1D79C0E1B9A}.release_static_mt|Win32.ActiveCfg = release_static_mt|Win32
		{FB9EC18E-B359-314A-9226-E1D79C0E1B9A}.release_static_mt|Win32.Build.0 = release_static_mt|Win32
		{FB9EC18E-B359-314A-9226-E1D79C0E1B9A}.release_static_mt|Win32.Deploy.0 = release_static_mt|Win32
		{FB9EC18E-B359-314A-9226-E1D79C0E1B9A}.debug_static_md|Win32.ActiveCfg = debug_static_md|Win32
		{FB9EC18E-B359-314A-9226-E1D79C0E1B9A}.debug_static_md|Win32.Build.0 = debug_static_md|Win32
		{FB9EC18E-B359-314A-9226-E1D79C0E1B9A}.debug_static_md|Win32.Deploy.0 = debug_static_md|Win32
		{FB9EC18E-B359-314A-9226-E1D79C0E1B9A}.release_static_md|Win32.ActiveCfg = release_static_md|Win32
		{FB9EC18E-B359-314A-9226-E1D79C0E1B9A}.release_static_md|Win32.Build.0 = release_static_md|Win32
		{FB9EC18E-B359-314A-9226-E1D79C0E1B9A}.release_static_md|Win32.Deploy.0 = release_static_md|Win32
		{2F6773AE-C1D7-396A-BBDE-B32482C3915E}.debug_shared|Win32.ActiveCfg = debug_shared|Win32
		{2F6773AE-C1D7-396A-BBDE-B32482C3915E}.debug_shared|Win32.Build.0 = debug_shared|Win32
		{2F6773AE-C1D7-396A-BBDE-B32482C3915E}.debug_shared|Win32.Deploy.0 = debug_shared|Win32
		{2F6773AE-C1D7-396A-BBDE-B32482C3915E}.release_shared|Win32.ActiveCfg = release_shared|Win32
		{2F6773AE-C1D7-396A-BBDE-B32482C3915E}.release_shared|Win32.Build.0 = release_shared|Win32
		{2F6773AE-C1D7-396A-BBDE-B32482C3915E}.release_shared|Win32.Deploy.0 = release_shared|Win32
		{2F6773AE-C1D7-396A-BBDE-B32482C3915E}.debug_static_mt|Win32.ActiveCfg = debug_static_mt|Win32
		{2F6773AE-C1D7-396A-BBDE-B32482C3915E}.debug_static_mt|Win32.Build.0 = debug_static_mt|Win32
		{2F6773AE-C1D7-396A-BBDE-B32482C3915E}.debug_static_mt|Win32.Deploy.0 = debug_static_mt|Win32
		{2F6773AE-C1D7-396A-BBDE-B32482C3915E}.release_static_mt|Win32.ActiveCfg = release_static_mt|Win32
		{2F6773AE-C1D7-396A-BBDE-B32482C3915E}.release_static_mt|Win32.Build.0 = release_static_mt|Win32
		{2F6773AE-C1D7-396A-BBDE-B32482C3915E}.release_static_mt|Win32.Deploy.0 = release_static_mt|Win32
		{2F6773AE-C1D7-396A-BBDE-B32482C3915E}.debug_static_md|Win32.ActiveCfg = debug_static_md|Win32
		{2F6773AE-C1D7-396A-BBDE-B32482C3915E}.debug_static_md|Win32.Build.0 = debug_static_md|Win32
		{2F6773AE-C1D7-396A-BBDE-B32482C3915E}.debug_static_md|Win32.Deploy.0 = debug_static_md|Win32
		{2F6773AE-C1D7-396A-BBDE-B32482C3915E}.release_static_md|Win32.ActiveCfg = release_static_md|Win32
		{2F6773AE-C1D7-396A-BBDE-B32482C3915E}.release_static_md|Win32.Build.0 = release_static_md|Win32
		{2F6773AE-C1D7-396A-BBDE-B32482C3915E}.release_static_md|Win32.Deploy.0 = release_static_md|Win32
		{A95B8267-89D9-32CD-BCD7-7F231A94404F}.debug_shared|Win32.ActiveCfg = debug_shared|Win32
		{A95B8267-89D9-32CD-BCD7-7F231A94404F}.debug_shared|Win32.Build.0 = debug_shared|Win32
		{A95B8267-89D9-32CD-BCD7-7F231A94404F}.debug_shared|Win32.Deploy.0 = debug_shared|Win32
		{A95B8267-89D9-32CD-BCD7-7F231A94404F}.release_shared|Win32.ActiveCfg = release_shared|Win32
		{A95B8267-89D9-32CD-BCD7-7F231A94404F}.release_shared|Win32.Build.0 = release_shared|Win32
		{A95B8267-89D9-32CD-BCD7-7F231A94404F}.release_shared|Win32.Deploy.0 = release_shared|Win32
		{A95B8267-89D9-32CD-BCD7-7F231A94404F}.debug_static_mt|Win32.ActiveCfg = debug_static_mt|Win32
		{A95B8267-89D9-32CD-BCD7-7F231A94404F}.debug_static_mt|Win32.Build.0 = debug_static_mt|Win32
		{A95B8267-89D9-32CD-BCD7-7F231A94404F}.debug_static_mt|Win32.Deploy.0 = debug_static_mt|Win32
		{A95B8267-89D9-32CD-BCD7-7F231A94404F}.release_static_mt|Win32.ActiveCfg = release_static_mt|Win32
		{A95B8267-89D9-32CD-BCD7-7F231A94404F}.release_static_mt|Win32.Build.0 = release_static_mt|Win32
		{A95B8267-89D9-32CD-BCD7-7F231A94404F}.release_static_mt|Win32.Deploy.0 = release_static_mt|Win32
		{A95B8267-89D9-32CD-BCD7-7F231A94404F}.debug_static_md|Win32.ActiveCfg = debug_static_md|Win32
		{A95B8267-89D9-32CD-BCD7-7F231A94404F}.debug_static_md|Win32.Build.0 = debug_static_md|Win32
		{A95B8267-89D9-32CD-BCD7-7F231A94404F}.debug_static_md|Win32.Deploy.0 = debug_static_md|Win32
		{A95B8267-89D9-32CD-BCD7-7F231A94404F}.release_static_md|Win32.ActiveCfg = release_static_md|Win32
		{A95B8267-89D9-32CD-BCD7-7F231A94404F}.release_static_md|Win32.Build.0 = release_static_md|Win32
		{A95B8267-89D9-32CD-BCD7-7F231A94404F}.release_static_md|Win32.Deploy.0 = release_static_md|Win32
		{D5E30E53-0AD0-39BC-A840-8F353418B997}.debug_shared|Win32.ActiveCfg = debug_shared|Win32
		{D5E30E53-0AD0-39BC-A840-8F353418B997}.debug_shared|Win32.Build.0 = debug_shared|Win32
		{D5E30E53-0AD0-39BC-A840-8F353418B997}.debug_shared|Win32.Deploy.0 = debug_shared|Win32
		{D5E30E53-0AD0-39BC-A840-8F353418B997}.release_shared|Win32.ActiveCfg = release_shared|Win32
		{D5E30E53-0AD0-39BC-A840-8F353418B997}.release_shared|Win32.Build.0 = release_shared|Win32
		{D5E30E53-0AD0-39BC-A840-8F353418B997}.release_shared|Win32.Deploy.0 = release_shared|Win32
		{D5E30E53-0AD0-39BC-A840-8F353418B997}.debug_static_mt|Win32.ActiveCfg = debug_static_mt|Win32
		{D5E30E53-0AD0-39BC-A840-8F353418B997}.debug_static_mt|Win32.Build.0 = debug_static_mt|Win32
		{D5E30E53-0AD0-39BC-A840-8F353418B997}.debug_static_mt|Win32.Deploy.0 = debug_static_mt|Win32
		{D5E30E53-0AD0-39BC-A840-8F353418B997}.release_static_mt|Win32.ActiveCfg = release_static_mt|Win32
		{D5E30E53-0AD0-39BC-A840-8F353418B997}.release_static_mt|Win32.Build.0 = release_static_mt|Win32
		{D5E30E53-0AD0-39BC-A840-8F353418B997}.release_static_mt|Win32.Deploy.0 = release_static_mt|Win32
		{D5E30E53-0AD0-39BC-A840-8F353418B997}.debug_static_md|Win32.ActiveCfg = debug_static_md|Win32
		{D5E30E53-0AD0-39BC-A840-8F353418B997}.debug_static_md|Win32.Build.0 = debug_static_md|Win32
		{D5E30E53-0AD0-39BC-A840-8F353418B997}.debug_static_md|Win32.Deploy.0 = debug_static_md|Win32
		{D5E30E53-0AD0-39BC-A840-8F353418B997}.release_static_md|Win32.ActiveCfg = release_static_md|Win32
		{D5E30E53-0AD0-39BC-A840-8F353418B997}.release_static_md|Win32.Build.0 = release_static_md|Win32
		{D5E30E53-0AD0-39BC-A840-8F353418B997}.release_static_md|Win32.Deploy.0 = release_static_md|Win32
		{CA56F4AB-9F41-3B97-9467-F8251BBECDEF}.debug_shared|Win32.ActiveCfg = debug_shared|Win32
		{CA56F4AB-9F41-3B97-9467-F8251BBECDEF}.debug_shared|Win32.Build.0 = debug_shared|Win32
		{CA56F4AB-9F41-3B97-9467-F8251BBECDEF}.debug_shared|Win32.Deploy.0 = debug_shared|Win32
		{CA56F4AB-9F41-3B97-9467-F8251BBECDEF}.release_shared|Win32.ActiveCfg = release_shared|Win32
		{CA56F4AB-9F41-3B97-9467-F8251BBECDEF}.release_shared|Win32.Build.0 = release_shared|Win32
		{CA56F4AB-9F41-3B97-9467-F8251BBECDEF}.release_shared|Win32.Deploy.0 = release_shared|Win32
		{CA56F4AB-9F41-3B97-9467-F8251BBECDEF}.debug_static_mt|Win32.ActiveCfg = debug_static_mt|Win32
		{CA56F4AB-9F41-3B97-9467-F8251BBECDEF}.debug_static_mt|Win32.Build.0 = debug_static_mt|Win32
		{CA56F4AB-9F41-3B97-9467-F8251BBECDEF}.debug_static_mt|Win32.Deploy.0 = debug_static_mt|Win32
		{CA56F4AB-9F41-3B97-9467-F8251BBECDEF}.release_static_mt|Win32.ActiveCfg = release_static_mt|Win32
		{CA56F4AB-9F41-3B97-9467-F8251BBECDEF}.release_static_mt|Win32.Build.0 = release_static_mt|Win32
		{CA56F4AB-9F41-3B97-9467-F8251BBECDEF}.release_static_mt|Win32.Deploy.0 = release_static_mt|Win32
		{CA56F4AB-9F41-3B97-9467-F8251BBECDEF}.debug_static_md|Win32.ActiveCfg = debug_static_md|Win32
		{CA56F4AB-9F41-3B97-9467-F8251BBECDEF}.debug_static_md|Win32.Build.0 = debug_static_md|Win32
		{CA56F4AB-9F41-3B97-9467-F8251BBECDEF}.debug_static_md|Win32.Deploy.0 = debug_static_md|Win32
		{CA56F4AB-9F41-3B97-9467-F8251BBECDEF}.release_static_md|Win32.ActiveCfg = release_static_md|Win32
		{CA56F4AB-9F41-3B97-9467-F8251BBECDEF}.release_static_md|Win32.Build.0 = release_static_md|Win32
		{CA56F4AB-9F41-3B97-9467-F8251BBECDEF}.release_static_md|Win32.Deploy.0 = release_static_md|Win32
		{0DC1E581-1B17-3FFC-A938-22E0609A8AD2}.debug_shared|Win32.ActiveCfg = debug_shared|Win32
		{0DC1E581-1B17-3FFC-A938-22E0609A8AD2}.debug_shared|Win32.Build.0 = debug_shared|Win32
		{0DC1E581-1B17-3FFC-A938-22E0609A8AD2}.debug_shared|Win32.Deploy.0 = debug_shared|Win32
		{0DC1E581-1B17-3FFC-A938-22E0609A8AD2}.release_shared|Win32.ActiveCfg = release_shared|Win32
		{0DC1E581-1B17-3FFC-A938-22E0609A8AD2}.release_shared|Win32.Build.0 = release_shared|Win32
		{0DC1E581-1B17-3FFC-A938-22E0609A8AD2}.release_shared|Win32.Deploy.0 = release_shared|Win32
		{0DC1E581-1B17-3FFC-A938-22E0609A8AD2}.debug_static_mt|Win32.ActiveCfg = debug_static_mt|Win32
		{0DC1E581-1B17-3FFC-A938-22E0609A8AD2}.debug_static_mt|Win32.Build.0 = debug_static_mt|Win32
		{0DC1E581-1B17-3FFC-A938-22E0609A8AD2}.debug_static_mt|Win32.Deploy.0 = debug_static_mt|Win32
		{0DC1E581-1B17-3FFC-A938-22E0609A8AD2}.release_static_mt|Win32.ActiveCfg = release_static_mt|Win32
		{0DC1E581-1B17-3FFC-A938-22E0609A8AD2}.release_static_mt|Win32.Build.0 = release_static_mt|Win32
		{0DC1E581-1B17-3FFC-A938-22E0609A8AD2}.release_static_mt|Win32.Deploy.0 = release_static_mt|Win32
		{0DC1E581-1B17-3FFC-A938-22E0609A8AD2}.debug_static_md|Win32.ActiveCfg = debug_static_md|Win32
		{0DC1E581-1B17-3FFC-A938-22E0609A8AD2}.debug_static_md|Win32.Build.0 = debug_static_md|Win32
		{0DC1E581-1B17-3FFC-A938-22E0609A8AD2}.debug_static_md|Win32.Deploy.0 = debug_static_md|Win32
		{0DC1E581-1B17-3FFC-A938-22E0609A8AD2}.release_static_md|Win32.ActiveCfg = release_static_md|Win32
		{0DC1E581-1B17-3FFC-A938-22E0609A8AD2}.release_static_md|Win32.Build.0 = release_static_md|Win32
		{0DC1E581-1B17-3FFC-A938-22E0609A8AD2}.release_static_md|Win32.Deploy.0 = release_static_md|Win32
	EndGlobalSection
	GlobalSection(SolutionProperties) = preSolution
		HideSolutionNode = FALSE
	EndGlobalSection
EndGlobal
