<?xml version="1.0" encoding="utf-8"?>
<Project ToolsVersion="4.0" xmlns="http://schemas.microsoft.com/developer/msbuild/2003">
  <ItemGroup>
    <Filter Include="Page Files">
      <UniqueIdentifier>{eeb0c76b-2d08-4f3c-ad10-dfa7b2edfb8e}</UniqueIdentifier>
    </Filter>
    <Filter Include="Source Files">
      <UniqueIdentifier>{917ea890-30c6-42c9-ab45-9ee0ae62b716}</UniqueIdentifier>
    </Filter>
    <Filter Include="Generated Files">
      <UniqueIdentifier>{c0bac5d3-5792-46b5-b5b4-07c644fe4621}</UniqueIdentifier>
    </Filter>
  </ItemGroup>
  <ItemGroup>
    <None Include="src\TimeHandler.cpsp">
      <Filter>Page Files</Filter>
    </None>
  </ItemGroup>
  <ItemGroup>
    <ClCompile Include="src\HTTPTimeServerApp.cpp">
      <Filter>Source Files</Filter>
    </ClCompile>
    <ClCompile Include="src\TimeHandler.cpp">
      <Filter>Generated Files</Filter>
    </ClCompile>
  </ItemGroup>
  <ItemGroup>
    <ClInclude Include="src\TimeHandler.h">
      <Filter>Generated Files</Filter>
    </ClInclude>
  </ItemGroup>
</Project>